// !$*UTF8*$!
{
	archiveVersion = 1;
	classes = {
	};
	objectVersion = 50;
	objects = {

/* Begin PBXBuildFile section */
		80355C6626561DC900869899 /* UserColorApp.swift in Sources */ = {isa = PBXBuildFile; fileRef = 80355C6526561DC900869899 /* UserColorApp.swift */; };
		80355C6826561DC900869899 /* ContentView.swift in Sources */ = {isa = PBXBuildFile; fileRef = 80355C6726561DC900869899 /* ContentView.swift */; };
		80355C6A26561DCA00869899 /* Assets.xcassets in Resources */ = {isa = PBXBuildFile; fileRef = 80355C6926561DCA00869899 /* Assets.xcassets */; };
		80355C6D26561DCA00869899 /* Preview Assets.xcassets in Resources */ = {isa = PBXBuildFile; fileRef = 80355C6C26561DCA00869899 /* Preview Assets.xcassets */; };
		80355C7826561DCA00869899 /* UserColorTests.swift in Sources */ = {isa = PBXBuildFile; fileRef = 80355C7726561DCA00869899 /* UserColorTests.swift */; };
		80355C8326561DCA00869899 /* UserColorUITests.swift in Sources */ = {isa = PBXBuildFile; fileRef = 80355C8226561DCA00869899 /* UserColorUITests.swift */; };
		80355C9126561E0D00869899 /* UIColorExtention.swift in Sources */ = {isa = PBXBuildFile; fileRef = 80355C9026561E0D00869899 /* UIColorExtention.swift */; };
/* End PBXBuildFile section */

/* Begin PBXContainerItemProxy section */
		80355C7426561DCA00869899 /* PBXContainerItemProxy */ = {
			isa = PBXContainerItemProxy;
			containerPortal = 80355C5A26561DC900869899 /* Project object */;
			proxyType = 1;
			remoteGlobalIDString = 80355C6126561DC900869899;
			remoteInfo = UserColor;
		};
		80355C7F26561DCA00869899 /* PBXContainerItemProxy */ = {
			isa = PBXContainerItemProxy;
			containerPortal = 80355C5A26561DC900869899 /* Project object */;
			proxyType = 1;
			remoteGlobalIDString = 80355C6126561DC900869899;
			remoteInfo = UserColor;
		};
/* End PBXContainerItemProxy section */

/* Begin PBXFileReference section */
		80355C6226561DC900869899 /* UserColor.app */ = {isa = PBXFileReference; explicitFileType = wrapper.application; includeInIndex = 0; path = UserColor.app; sourceTree = BUILT_PRODUCTS_DIR; };
		80355C6526561DC900869899 /* UserColorApp.swift */ = {isa = PBXFileReference; lastKnownFileType = sourcecode.swift; path = UserColorApp.swift; sourceTree = "<group>"; };
		80355C6726561DC900869899 /* ContentView.swift */ = {isa = PBXFileReference; lastKnownFileType = sourcecode.swift; path = ContentView.swift; sourceTree = "<group>"; };
		80355C6926561DCA00869899 /* Assets.xcassets */ = {isa = PBXFileReference; lastKnownFileType = folder.assetcatalog; path = Assets.xcassets; sourceTree = "<group>"; };
		80355C6C26561DCA00869899 /* Preview Assets.xcassets */ = {isa = PBXFileReference; lastKnownFileType = folder.assetcatalog; path = "Preview Assets.xcassets"; sourceTree = "<group>"; };
		80355C6E26561DCA00869899 /* Info.plist */ = {isa = PBXFileReference; lastKnownFileType = text.plist.xml; path = Info.plist; sourceTree = "<group>"; };
		80355C7326561DCA00869899 /* UserColorTests.xctest */ = {isa = PBXFileReference; explicitFileType = wrapper.cfbundle; includeInIndex = 0; path = UserColorTests.xctest; sourceTree = BUILT_PRODUCTS_DIR; };
		80355C7726561DCA00869899 /* UserColorTests.swift */ = {isa = PBXFileReference; lastKnownFileType = sourcecode.swift; path = UserColorTests.swift; sourceTree = "<group>"; };
		80355C7926561DCA00869899 /* Info.plist */ = {isa = PBXFileReference; lastKnownFileType = text.plist.xml; path = Info.plist; sourceTree = "<group>"; };
		80355C7E26561DCA00869899 /* UserColorUITests.xctest */ = {isa = PBXFileReference; explicitFileType = wrapper.cfbundle; includeInIndex = 0; path = UserColorUITests.xctest; sourceTree = BUILT_PRODUCTS_DIR; };
		80355C8226561DCA00869899 /* UserColorUITests.swift */ = {isa = PBXFileReference; lastKnownFileType = sourcecode.swift; path = UserColorUITests.swift; sourceTree = "<group>"; };
		80355C8426561DCA00869899 /* Info.plist */ = {isa = PBXFileReference; lastKnownFileType = text.plist.xml; path = Info.plist; sourceTree = "<group>"; };
		80355C9026561E0D00869899 /* UIColorExtention.swift */ = {isa = PBXFileReference; lastKnownFileType = sourcecode.swift; path = UIColorExtention.swift; sourceTree = "<group>"; };
/* End PBXFileReference section */

/* Begin PBXFrameworksBuildPhase section */
		80355C5F26561DC900869899 /* Frameworks */ = {
			isa = PBXFrameworksBuildPhase;
			buildActionMask = 2147483647;
			files = (
			);
			runOnlyForDeploymentPostprocessing = 0;
		};
		80355C7026561DCA00869899 /* Frameworks */ = {
			isa = PBXFrameworksBuildPhase;
			buildActionMask = 2147483647;
			files = (
			);
			runOnlyForDeploymentPostprocessing = 0;
		};
		80355C7B26561DCA00869899 /* Frameworks */ = {
			isa = PBXFrameworksBuildPhase;
			buildActionMask = 2147483647;
			files = (
			);
			runOnlyForDeploymentPostprocessing = 0;
		};
/* End PBXFrameworksBuildPhase section */

/* Begin PBXGroup section */
		80355C5926561DC900869899 = {
			isa = PBXGroup;
			children = (
				80355C6426561DC900869899 /* UserColor */,
				80355C7626561DCA00869899 /* UserColorTests */,
				80355C8126561DCA00869899 /* UserColorUITests */,
				80355C6326561DC900869899 /* Products */,
			);
			sourceTree = "<group>";
		};
		80355C6326561DC900869899 /* Products */ = {
			isa = PBXGroup;
			children = (
				80355C6226561DC900869899 /* UserColor.app */,
				80355C7326561DCA00869899 /* UserColorTests.xctest */,
				80355C7E26561DCA00869899 /* UserColorUITests.xctest */,
			);
			name = Products;
			sourceTree = "<group>";
		};
		80355C6426561DC900869899 /* UserColor */ = {
			isa = PBXGroup;
			children = (
				80355C6526561DC900869899 /* UserColorApp.swift */,
				80355C6726561DC900869899 /* ContentView.swift */,
				80355C6926561DCA00869899 /* Assets.xcassets */,
				80355C9026561E0D00869899 /* UIColorExtention.swift */,
				80355C6E26561DCA00869899 /* Info.plist */,
				80355C6B26561DCA00869899 /* Preview Content */,
			);
			path = UserColor;
			sourceTree = "<group>";
		};
		80355C6B26561DCA00869899 /* Preview Content */ = {
			isa = PBXGroup;
			children = (
				80355C6C26561DCA00869899 /* Preview Assets.xcassets */,
			);
			path = "Preview Content";
			sourceTree = "<group>";
		};
		80355C7626561DCA00869899 /* UserColorTests */ = {
			isa = PBXGroup;
			children = (
				80355C7726561DCA00869899 /* UserColorTests.swift */,
				80355C7926561DCA00869899 /* Info.plist */,
			);
			path = UserColorTests;
			sourceTree = "<group>";
		};
		80355C8126561DCA00869899 /* UserColorUITests */ = {
			isa = PBXGroup;
			children = (
				80355C8226561DCA00869899 /* UserColorUITests.swift */,
				80355C8426561DCA00869899 /* Info.plist */,
			);
			path = UserColorUITests;
			sourceTree = "<group>";
		};
/* End PBXGroup section */

/* Begin PBXNativeTarget section */
		80355C6126561DC900869899 /* UserColor */ = {
			isa = PBXNativeTarget;
			buildConfigurationList = 80355C8726561DCA00869899 /* Build configuration list for PBXNativeTarget "UserColor" */;
			buildPhases = (
				80355C5E26561DC900869899 /* Sources */,
				80355C5F26561DC900869899 /* Frameworks */,
				80355C6026561DC900869899 /* Resources */,
			);
			buildRules = (
			);
			dependencies = (
			);
			name = UserColor;
			productName = UserColor;
			productReference = 80355C6226561DC900869899 /* UserColor.app */;
			productType = "com.apple.product-type.application";
		};
		80355C7226561DCA00869899 /* UserColorTests */ = {
			isa = PBXNativeTarget;
			buildConfigurationList = 80355C8A26561DCA00869899 /* Build configuration list for PBXNativeTarget "UserColorTests" */;
			buildPhases = (
				80355C6F26561DCA00869899 /* Sources */,
				80355C7026561DCA00869899 /* Frameworks */,
				80355C7126561DCA00869899 /* Resources */,
			);
			buildRules = (
			);
			dependencies = (
				80355C7526561DCA00869899 /* PBXTargetDependency */,
			);
			name = UserColorTests;
			productName = UserColorTests;
			productReference = 80355C7326561DCA00869899 /* UserColorTests.xctest */;
			productType = "com.apple.product-type.bundle.unit-test";
		};
		80355C7D26561DCA00869899 /* UserColorUITests */ = {
			isa = PBXNativeTarget;
			buildConfigurationList = 80355C8D26561DCA00869899 /* Build configuration list for PBXNativeTarget "UserColorUITests" */;
			buildPhases = (
				80355C7A26561DCA00869899 /* Sources */,
				80355C7B26561DCA00869899 /* Frameworks */,
				80355C7C26561DCA00869899 /* Resources */,
			);
			buildRules = (
			);
			dependencies = (
				80355C8026561DCA00869899 /* PBXTargetDependency */,
			);
			name = UserColorUITests;
			productName = UserColorUITests;
			productReference = 80355C7E26561DCA00869899 /* UserColorUITests.xctest */;
			productType = "com.apple.product-type.bundle.ui-testing";
		};
/* End PBXNativeTarget section */

/* Begin PBXProject section */
		80355C5A26561DC900869899 /* Project object */ = {
			isa = PBXProject;
			attributes = {
				LastSwiftUpdateCheck = 1250;
				LastUpgradeCheck = 1250;
				TargetAttributes = {
					80355C6126561DC900869899 = {
						CreatedOnToolsVersion = 12.5;
					};
					80355C7226561DCA00869899 = {
						CreatedOnToolsVersion = 12.5;
						TestTargetID = 80355C6126561DC900869899;
					};
					80355C7D26561DCA00869899 = {
						CreatedOnToolsVersion = 12.5;
						TestTargetID = 80355C6126561DC900869899;
					};
				};
			};
			buildConfigurationList = 80355C5D26561DC900869899 /* Build configuration list for PBXProject "UserColor" */;
			compatibilityVersion = "Xcode 9.3";
			developmentRegion = en;
			hasScannedForEncodings = 0;
			knownRegions = (
				en,
				Base,
			);
			mainGroup = 80355C5926561DC900869899;
			productRefGroup = 80355C6326561DC900869899 /* Products */;
			projectDirPath = "";
			projectRoot = "";
			targets = (
				80355C6126561DC900869899 /* UserColor */,
				80355C7226561DCA00869899 /* UserColorTests */,
				80355C7D26561DCA00869899 /* UserColorUITests */,
			);
		};
/* End PBXProject section */

/* Begin PBXResourcesBuildPhase section */
		80355C6026561DC900869899 /* Resources */ = {
			isa = PBXResourcesBuildPhase;
			buildActionMask = 2147483647;
			files = (
				80355C6D26561DCA00869899 /* Preview Assets.xcassets in Resources */,
				80355C6A26561DCA00869899 /* Assets.xcassets in Resources */,
			);
			runOnlyForDeploymentPostprocessing = 0;
		};
		80355C7126561DCA00869899 /* Resources */ = {
			isa = PBXResourcesBuildPhase;
			buildActionMask = 2147483647;
			files = (
			);
			runOnlyForDeploymentPostprocessing = 0;
		};
		80355C7C26561DCA00869899 /* Resources */ = {
			isa = PBXResourcesBuildPhase;
			buildActionMask = 2147483647;
			files = (
			);
			runOnlyForDeploymentPostprocessing = 0;
		};
/* End PBXResourcesBuildPhase section */

/* Begin PBXSourcesBuildPhase section */
		80355C5E26561DC900869899 /* Sources */ = {
			isa = PBXSourcesBuildPhase;
			buildActionMask = 2147483647;
			files = (
				80355C6826561DC900869899 /* ContentView.swift in Sources */,
				80355C6626561DC900869899 /* UserColorApp.swift in Sources */,
				80355C9126561E0D00869899 /* UIColorExtention.swift in Sources */,
			);
			runOnlyForDeploymentPostprocessing = 0;
		};
		80355C6F26561DCA00869899 /* Sources */ = {
			isa = PBXSourcesBuildPhase;
			buildActionMask = 2147483647;
			files = (
				80355C7826561DCA00869899 /* UserColorTests.swift in Sources */,
			);
			runOnlyForDeploymentPostprocessing = 0;
		};
		80355C7A26561DCA00869899 /* Sources */ = {
			isa = PBXSourcesBuildPhase;
			buildActionMask = 2147483647;
			files = (
				80355C8326561DCA00869899 /* UserColorUITests.swift in Sources */,
			);
			runOnlyForDeploymentPostprocessing = 0;
		};
/* End PBXSourcesBuildPhase section */

/* Begin PBXTargetDependency section */
		80355C7526561DCA00869899 /* PBXTargetDependency */ = {
			isa = PBXTargetDependency;
			target = 80355C6126561DC900869899 /* UserColor */;
			targetProxy = 80355C7426561DCA00869899 /* PBXContainerItemProxy */;
		};
		80355C8026561DCA00869899 /* PBXTargetDependency */ = {
			isa = PBXTargetDependency;
			target = 80355C6126561DC900869899 /* UserColor */;
			targetProxy = 80355C7F26561DCA00869899 /* PBXContainerItemProxy */;
		};
/* End PBXTargetDependency section */

/* Begin XCBuildConfiguration section */
		80355C8526561DCA00869899 /* Debug */ = {
			isa = XCBuildConfiguration;
			buildSettings = {
				ALWAYS_SEARCH_USER_PATHS = NO;
				CLANG_ANALYZER_NONNULL = YES;
				CLANG_ANALYZER_NUMBER_OBJECT_CONVERSION = YES_AGGRESSIVE;
				CLANG_CXX_LANGUAGE_STANDARD = "gnu++14";
				CLANG_CXX_LIBRARY = "libc++";
				CLANG_ENABLE_MODULES = YES;
				CLANG_ENABLE_OBJC_ARC = YES;
				CLANG_ENABLE_OBJC_WEAK = YES;
				CLANG_WARN_BLOCK_CAPTURE_AUTORELEASING = YES;
				CLANG_WARN_BOOL_CONVERSION = YES;
				CLANG_WARN_COMMA = YES;
				CLANG_WARN_CONSTANT_CONVERSION = YES;
				CLANG_WARN_DEPRECATED_OBJC_IMPLEMENTATIONS = YES;
				CLANG_WARN_DIRECT_OBJC_ISA_USAGE = YES_ERROR;
				CLANG_WARN_DOCUMENTATION_COMMENTS = YES;
				CLANG_WARN_EMPTY_BODY = YES;
				CLANG_WARN_ENUM_CONVERSION = YES;
				CLANG_WARN_INFINITE_RECURSION = YES;
				CLANG_WARN_INT_CONVERSION = YES;
				CLANG_WARN_NON_LITERAL_NULL_CONVERSION = YES;
				CLANG_WARN_OBJC_IMPLICIT_RETAIN_SELF = YES;
				CLANG_WARN_OBJC_LITERAL_CONVERSION = YES;
				CLANG_WARN_OBJC_ROOT_CLASS = YES_ERROR;
				CLANG_WARN_QUOTED_INCLUDE_IN_FRAMEWORK_HEADER = YES;
				CLANG_WARN_RANGE_LOOP_ANALYSIS = YES;
				CLANG_WARN_STRICT_PROTOTYPES = YES;
				CLANG_WARN_SUSPICIOUS_MOVE = YES;
				CLANG_WARN_UNGUARDED_AVAILABILITY = YES_AGGRESSIVE;
				CLANG_WARN_UNREACHABLE_CODE = YES;
				CLANG_WARN__DUPLICATE_METHOD_MATCH = YES;
				COPY_PHASE_STRIP = NO;
				DEBUG_INFORMATION_FORMAT = dwarf;
				ENABLE_STRICT_OBJC_MSGSEND = YES;
				ENABLE_TESTABILITY = YES;
				GCC_C_LANGUAGE_STANDARD = gnu11;
				GCC_DYNAMIC_NO_PIC = NO;
				GCC_NO_COMMON_BLOCKS = YES;
				GCC_OPTIMIZATION_LEVEL = 0;
				GCC_PREPROCESSOR_DEFINITIONS = (
					"DEBUG=1",
					"$(inherited)",
				);
				GCC_WARN_64_TO_32_BIT_CONVERSION = YES;
				GCC_WARN_ABOUT_RETURN_TYPE = YES_ERROR;
				GCC_WARN_UNDECLARED_SELECTOR = YES;
				GCC_WARN_UNINITIALIZED_AUTOS = YES_AGGRESSIVE;
				GCC_WARN_UNUSED_FUNCTION = YES;
				GCC_WARN_UNUSED_VARIABLE = YES;
				IPHONEOS_DEPLOYMENT_TARGET = 14.5;
				MTL_ENABLE_DEBUG_INFO = INCLUDE_SOURCE;
				MTL_FAST_MATH = YES;
				ONLY_ACTIVE_ARCH = YES;
				SDKROOT = iphoneos;
				SWIFT_ACTIVE_COMPILATION_CONDITIONS = DEBUG;
				SWIFT_OPTIMIZATION_LEVEL = "-Onone";
			};
			name = Debug;
		};
		80355C8626561DCA00869899 /* Release */ = {
			isa = XCBuildConfiguration;
			buildSettings = {
				ALWAYS_SEARCH_USER_PATHS = NO;
				CLANG_ANALYZER_NONNULL = YES;
				CLANG_ANALYZER_NUMBER_OBJECT_CONVERSION = YES_AGGRESSIVE;
				CLANG_CXX_LANGUAGE_STANDARD = "gnu++14";
				CLANG_CXX_LIBRARY = "libc++";
				CLANG_ENABLE_MODULES = YES;
				CLANG_ENABLE_OBJC_ARC = YES;
				CLANG_ENABLE_OBJC_WEAK = YES;
				CLANG_WARN_BLOCK_CAPTURE_AUTORELEASING = YES;
				CLANG_WARN_BOOL_CONVERSION = YES;
				CLANG_WARN_COMMA = YES;
				CLANG_WARN_CONSTANT_CONVERSION = YES;
				CLANG_WARN_DEPRECATED_OBJC_IMPLEMENTATIONS = YES;
				CLANG_WARN_DIRECT_OBJC_ISA_USAGE = YES_ERROR;
				CLANG_WARN_DOCUMENTATION_COMMENTS = YES;
				CLANG_WARN_EMPTY_BODY = YES;
				CLANG_WARN_ENUM_CONVERSION = YES;
				CLANG_WARN_INFINITE_RECURSION = YES;
				CLANG_WARN_INT_CONVERSION = YES;
				CLANG_WARN_NON_LITERAL_NULL_CONVERSION = YES;
				CLANG_WARN_OBJC_IMPLICIT_RETAIN_SELF = YES;
				CLANG_WARN_OBJC_LITERAL_CONVERSION = YES;
				CLANG_WARN_OBJC_ROOT_CLASS = YES_ERROR;
				CLANG_WARN_QUOTED_INCLUDE_IN_FRAMEWORK_HEADER = YES;
				CLANG_WARN_RANGE_LOOP_ANALYSIS = YES;
				CLANG_WARN_STRICT_PROTOTYPES = YES;
				CLANG_WARN_SUSPICIOUS_MOVE = YES;
				CLANG_WARN_UNGUARDED_AVAILABILITY = YES_AGGRESSIVE;
				CLANG_WARN_UNREACHABLE_CODE = YES;
				CLANG_WARN__DUPLICATE_METHOD_MATCH = YES;
				COPY_PHASE_STRIP = NO;
				DEBUG_INFORMATION_FORMAT = "dwarf-with-dsym";
				ENABLE_NS_ASSERTIONS = NO;
				ENABLE_STRICT_OBJC_MSGSEND = YES;
				GCC_C_LANGUAGE_STANDARD = gnu11;
				GCC_NO_COMMON_BLOCKS = YES;
				GCC_WARN_64_TO_32_BIT_CONVERSION = YES;
				GCC_WARN_ABOUT_RETURN_TYPE = YES_ERROR;
				GCC_WARN_UNDECLARED_SELECTOR = YES;
				GCC_WARN_UNINITIALIZED_AUTOS = YES_AGGRESSIVE;
				GCC_WARN_UNUSED_FUNCTION = YES;
				GCC_WARN_UNUSED_VARIABLE = YES;
				IPHONEOS_DEPLOYMENT_TARGET = 14.5;
				MTL_ENABLE_DEBUG_INFO = NO;
				MTL_FAST_MATH = YES;
				SDKROOT = iphoneos;
				SWIFT_COMPILATION_MODE = wholemodule;
				SWIFT_OPTIMIZATION_LEVEL = "-O";
				VALIDATE_PRODUCT = YES;
			};
			name = Release;
		};
		80355C8826561DCA00869899 /* Debug */ = {
			isa = XCBuildConfiguration;
			buildSettings = {
				ASSETCATALOG_COMPILER_APPICON_NAME = AppIcon;
				ASSETCATALOG_COMPILER_GLOBAL_ACCENT_COLOR_NAME = AccentColor;
				CODE_SIGN_STYLE = Automatic;
				DEVELOPMENT_ASSET_PATHS = "\"UserColor/Preview Content\"";
				DEVELOPMENT_TEAM = 69U32QXGLT;
				ENABLE_PREVIEWS = YES;
				INFOPLIST_FILE = UserColor/Info.plist;
				IPHONEOS_DEPLOYMENT_TARGET = 14.0;
				LD_RUNPATH_SEARCH_PATHS = (
					"$(inherited)",
					"@executable_path/Frameworks",
				);
				PRODUCT_BUNDLE_IDENTIFIER = "Swift-Beginners.UserColor";
				PRODUCT_NAME = "$(TARGET_NAME)";
				SWIFT_VERSION = 5.0;
				TARGETED_DEVICE_FAMILY = "1,2";
			};
			name = Debug;
		};
		80355C8926561DCA00869899 /* Release */ = {
			isa = XCBuildConfiguration;
			buildSettings = {
				ASSETCATALOG_COMPILER_APPICON_NAME = AppIcon;
				ASSETCATALOG_COMPILER_GLOBAL_ACCENT_COLOR_NAME = AccentColor;
				CODE_SIGN_STYLE = Automatic;
				DEVELOPMENT_ASSET_PATHS = "\"UserColor/Preview Content\"";
				DEVELOPMENT_TEAM = 69U32QXGLT;
				ENABLE_PREVIEWS = YES;
				INFOPLIST_FILE = UserColor/Info.plist;
				IPHONEOS_DEPLOYMENT_TARGET = 14.0;
				LD_RUNPATH_SEARCH_PATHS = (
					"$(inherited)",
					"@executable_path/Frameworks",
				);
				PRODUCT_BUNDLE_IDENTIFIER = "Swift-Beginners.UserColor";
				PRODUCT_NAME = "$(TARGET_NAME)";
				SWIFT_VERSION = 5.0;
				TARGETED_DEVICE_FAMILY = "1,2";
			};
			name = Release;
		};
		80355C8B26561DCA00869899 /* Debug */ = {
			isa = XCBuildConfiguration;
			buildSettings = {
				ALWAYS_EMBED_SWIFT_STANDARD_LIBRARIES = YES;
				BUNDLE_LOADER = "$(TEST_HOST)";
				CODE_SIGN_STYLE = Automatic;
				DEVELOPMENT_TEAM = 69U32QXGLT;
				INFOPLIST_FILE = UserColorTests/Info.plist;
				IPHONEOS_DEPLOYMENT_TARGET = 14.0;
				LD_RUNPATH_SEARCH_PATHS = (
					"$(inherited)",
					"@executable_path/Frameworks",
					"@loader_path/Frameworks",
				);
				PRODUCT_BUNDLE_IDENTIFIER = "Swift-Beginners.UserColorTests";
				PRODUCT_NAME = "$(TARGET_NAME)";
				SWIFT_VERSION = 5.0;
				TARGETED_DEVICE_FAMILY = "1,2";
				TEST_HOST = "$(BUILT_PRODUCTS_DIR)/UserColor.app/UserColor";
			};
			name = Debug;
		};
		80355C8C26561DCA00869899 /* Release */ = {
			isa = XCBuildConfiguration;
			buildSettings = {
				ALWAYS_EMBED_SWIFT_STANDARD_LIBRARIES = YES;
				BUNDLE_LOADER = "$(TEST_HOST)";
				CODE_SIGN_STYLE = Automatic;
				DEVELOPMENT_TEAM = 69U32QXGLT;
				INFOPLIST_FILE = UserColorTests/Info.plist;
				IPHONEOS_DEPLOYMENT_TARGET = 14.0;
				LD_RUNPATH_SEARCH_PATHS = (
					"$(inherited)",
					"@executable_path/Frameworks",
					"@loader_path/Frameworks",
				);
				PRODUCT_BUNDLE_IDENTIFIER = "Swift-Beginners.UserColorTests";
				PRODUCT_NAME = "$(TARGET_NAME)";
				SWIFT_VERSION = 5.0;
				TARGETED_DEVICE_FAMILY = "1,2";
				TEST_HOST = "$(BUILT_PRODUCTS_DIR)/UserColor.app/UserColor";
			};
			name = Release;
		};
		80355C8E26561DCA00869899 /* Debug */ = {
			isa = XCBuildConfiguration;
			buildSettings = {
				ALWAYS_EMBED_SWIFT_STANDARD_LIBRARIES = YES;
				CODE_SIGN_STYLE = Automatic;
				DEVELOPMENT_TEAM = 69U32QXGLT;
				INFOPLIST_FILE = UserColorUITests/Info.plist;
				LD_RUNPATH_SEARCH_PATHS = (
					"$(inherited)",
					"@executable_path/Frameworks",
					"@loader_path/Frameworks",
				);
				PRODUCT_BUNDLE_IDENTIFIER = "Swift-Beginners.UserColorUITests";
				PRODUCT_NAME = "$(TARGET_NAME)";
				SWIFT_VERSION = 5.0;
				TARGETED_DEVICE_FAMILY = "1,2";
				TEST_TARGET_NAME = UserColor;
			};
			name = Debug;
		};
		80355C8F26561DCA00869899 /* Release */ = {
			isa = XCBuildConfiguration;
			buildSettings = {
				ALWAYS_EMBED_SWIFT_STANDARD_LIBRARIES = YES;
				CODE_SIGN_STYLE = Automatic;
				DEVELOPMENT_TEAM = 69U32QXGLT;
				INFOPLIST_FILE = UserColorUITests/Info.plist;
				LD_RUNPATH_SEARCH_PATHS = (
					"$(inherited)",
					"@executable_path/Frameworks",
					"@loader_path/Frameworks",
				);
				PRODUCT_BUNDLE_IDENTIFIER = "Swift-Beginners.UserColorUITests";
				PRODUCT_NAME = "$(TARGET_NAME)";
				SWIFT_VERSION = 5.0;
				TARGETED_DEVICE_FAMILY = "1,2";
				TEST_TARGET_NAME = UserColor;
			};
			name = Release;
		};
/* End XCBuildConfiguration section */

/* Begin XCConfigurationList section */
		80355C5D26561DC900869899 /* Build configuration list for PBXProject "UserColor" */ = {
			isa = XCConfigurationList;
			buildConfigurations = (
				80355C8526561DCA00869899 /* Debug */,
				80355C8626561DCA00869899 /* Release */,
			);
			defaultConfigurationIsVisible = 0;
			defaultConfigurationName = Release;
		};
		80355C8726561DCA00869899 /* Build configuration list for PBXNativeTarget "UserColor" */ = {
			isa = XCConfigurationList;
			buildConfigurations = (
				80355C8826561DCA00869899 /* Debug */,
				80355C8926561DCA00869899 /* Release */,
			);
			defaultConfigurationIsVisible = 0;
			defaultConfigurationName = Release;
		};
		80355C8A26561DCA00869899 /* Build configuration list for PBXNativeTarget "UserColorTests" */ = {
			isa = XCConfigurationList;
			buildConfigurations = (
				80355C8B26561DCA00869899 /* Debug */,
				80355C8C26561DCA00869899 /* Release */,
			);
			defaultConfigurationIsVisible = 0;
			defaultConfigurationName = Release;
		};
		80355C8D26561DCA00869899 /* Build configuration list for PBXNativeTarget "UserColorUITests" */ = {
			isa = XCConfigurationList;
			buildConfigurations = (
				80355C8E26561DCA00869899 /* Debug */,
				80355C8F26561DCA00869899 /* Release */,
			);
			defaultConfigurationIsVisible = 0;
			defaultConfigurationName = Release;
		};
/* End XCConfigurationList section */
	};
	rootObject = 80355C5A26561DC900869899 /* Project object */;
}
