// !$*UTF8*$!
{
	archiveVersion = 1;
	classes = {
	};
	objectVersion = 50;
	objects = {

/* Begin PBXBuildFile section */
		FE6C454124DBB22F007E558E /* AppDelegate.swift in Sources */ = {isa = PBXBuildFile; fileRef = FE6C454024DBB22F007E558E /* AppDelegate.swift */; };
		FE6C454324DBB22F007E558E /* SceneDelegate.swift in Sources */ = {isa = PBXBuildFile; fileRef = FE6C454224DBB22F007E558E /* SceneDelegate.swift */; };
		FE6C454524DBB22F007E558E /* ViewController.swift in Sources */ = {isa = PBXBuildFile; fileRef = FE6C454424DBB22F007E558E /* ViewController.swift */; };
		FE6C454824DBB22F007E558E /* Main.storyboard in Resources */ = {isa = PBXBuildFile; fileRef = FE6C454624DBB22F007E558E /* Main.storyboard */; };
		FE6C454A24DBB22F007E558E /* Assets.xcassets in Resources */ = {isa = PBXBuildFile; fileRef = FE6C454924DBB22F007E558E /* Assets.xcassets */; };
		FE6C454D24DBB22F007E558E /* LaunchScreen.storyboard in Resources */ = {isa = PBXBuildFile; fileRef = FE6C454B24DBB22F007E558E /* LaunchScreen.storyboard */; };
/* End PBXBuildFile section */

/* Begin PBXFileReference section */
		FE6C453D24DBB22F007E558E /* AutoLayoutPattern.app */ = {isa = PBXFileReference; explicitFileType = wrapper.application; includeInIndex = 0; path = AutoLayoutPattern.app; sourceTree = BUILT_PRODUCTS_DIR; };
		FE6C454024DBB22F007E558E /* AppDelegate.swift */ = {isa = PBXFileReference; lastKnownFileType = sourcecode.swift; path = AppDelegate.swift; sourceTree = "<group>"; };
		FE6C454224DBB22F007E558E /* SceneDelegate.swift */ = {isa = PBXFileReference; lastKnownFileType = sourcecode.swift; path = SceneDelegate.swift; sourceTree = "<group>"; };
		FE6C454424DBB22F007E558E /* ViewController.swift */ = {isa = PBXFileReference; lastKnownFileType = sourcecode.swift; path = ViewController.swift; sourceTree = "<group>"; };
		FE6C454724DBB22F007E558E /* Base */ = {isa = PBXFileReference; lastKnownFileType = file.storyboard; name = Base; path = Base.lproj/Main.storyboard; sourceTree = "<group>"; };
		FE6C454924DBB22F007E558E /* Assets.xcassets */ = {isa = PBXFileReference; lastKnownFileType = folder.assetcatalog; path = Assets.xcassets; sourceTree = "<group>"; };
		FE6C454C24DBB22F007E558E /* Base */ = {isa = PBXFileReference; lastKnownFileType = file.storyboard; name = Base; path = Base.lproj/LaunchScreen.storyboard; sourceTree = "<group>"; };
		FE6C454E24DBB22F007E558E /* Info.plist */ = {isa = PBXFileReference; lastKnownFileType = text.plist.xml; path = Info.plist; sourceTree = "<group>"; };
/* End PBXFileReference section */

/* Begin PBXFrameworksBuildPhase section */
		FE6C453A24DBB22F007E558E /* Frameworks */ = {
			isa = PBXFrameworksBuildPhase;
			buildActionMask = 2147483647;
			files = (
			);
			runOnlyForDeploymentPostprocessing = 0;
		};
/* End PBXFrameworksBuildPhase section */

/* Begin PBXGroup section */
		FE6C453424DBB22F007E558E = {
			isa = PBXGroup;
			children = (
				FE6C453F24DBB22F007E558E /* AutoLayoutPattern */,
				FE6C453E24DBB22F007E558E /* Products */,
			);
			sourceTree = "<group>";
		};
		FE6C453E24DBB22F007E558E /* Products */ = {
			isa = PBXGroup;
			children = (
				FE6C453D24DBB22F007E558E /* AutoLayoutPattern.app */,
			);
			name = Products;
			sourceTree = "<group>";
		};
		FE6C453F24DBB22F007E558E /* AutoLayoutPattern */ = {
			isa = PBXGroup;
			children = (
				FE6C454024DBB22F007E558E /* AppDelegate.swift */,
				FE6C454224DBB22F007E558E /* SceneDelegate.swift */,
				FE6C454424DBB22F007E558E /* ViewController.swift */,
				FE6C454624DBB22F007E558E /* Main.storyboard */,
				FE6C454924DBB22F007E558E /* Assets.xcassets */,
				FE6C454B24DBB22F007E558E /* LaunchScreen.storyboard */,
				FE6C454E24DBB22F007E558E /* Info.plist */,
			);
			path = AutoLayoutPattern;
			sourceTree = "<group>";
		};
/* End PBXGroup section */

/* Begin PBXNativeTarget section */
		FE6C453C24DBB22F007E558E /* AutoLayoutPattern */ = {
			isa = PBXNativeTarget;
			buildConfigurationList = FE6C455124DBB22F007E558E /* Build configuration list for PBXNativeTarget "AutoLayoutPattern" */;
			buildPhases = (
				FE6C453924DBB22F007E558E /* Sources */,
				FE6C453A24DBB22F007E558E /* Frameworks */,
				FE6C453B24DBB22F007E558E /* Resources */,
			);
			buildRules = (
			);
			dependencies = (
			);
			name = AutoLayoutPattern;
			productName = AutoLayoutPattern;
			productReference = FE6C453D24DBB22F007E558E /* AutoLayoutPattern.app */;
			productType = "com.apple.product-type.application";
		};
/* End PBXNativeTarget section */

/* Begin PBXProject section */
		FE6C453524DBB22F007E558E /* Project object */ = {
			isa = PBXProject;
			attributes = {
				LastSwiftUpdateCheck = 1160;
				LastUpgradeCheck = 1160;
				ORGANIZATIONNAME = "Kobayashi Yoshinori";
				TargetAttributes = {
					FE6C453C24DBB22F007E558E = {
						CreatedOnToolsVersion = 11.6;
					};
				};
			};
			buildConfigurationList = FE6C453824DBB22F007E558E /* Build configuration list for PBXProject "AutoLayoutPattern" */;
			compatibilityVersion = "Xcode 9.3";
			developmentRegion = en;
			hasScannedForEncodings = 0;
			knownRegions = (
				en,
				Base,
			);
			mainGroup = FE6C453424DBB22F007E558E;
			productRefGroup = FE6C453E24DBB22F007E558E /* Products */;
			projectDirPath = "";
			projectRoot = "";
			targets = (
				FE6C453C24DBB22F007E558E /* AutoLayoutPattern */,
			);
		};
/* End PBXProject section */

/* Begin PBXResourcesBuildPhase section */
		FE6C453B24DBB22F007E558E /* Resources */ = {
			isa = PBXResourcesBuildPhase;
			buildActionMask = 2147483647;
			files = (
				FE6C454D24DBB22F007E558E /* LaunchScreen.storyboard in Resources */,
				FE6C454A24DBB22F007E558E /* Assets.xcassets in Resources */,
				FE6C454824DBB22F007E558E /* Main.storyboard in Resources */,
			);
			runOnlyForDeploymentPostprocessing = 0;
		};
/* End PBXResourcesBuildPhase section */

/* Begin PBXSourcesBuildPhase section */
		FE6C453924DBB22F007E558E /* Sources */ = {
			isa = PBXSourcesBuildPhase;
			buildActionMask = 2147483647;
			files = (
				FE6C454524DBB22F007E558E /* ViewController.swift in Sources */,
				FE6C454124DBB22F007E558E /* AppDelegate.swift in Sources */,
				FE6C454324DBB22F007E558E /* SceneDelegate.swift in Sources */,
			);
			runOnlyForDeploymentPostprocessing = 0;
		};
/* End PBXSourcesBuildPhase section */

/* Begin PBXVariantGroup section */
		FE6C454624DBB22F007E558E /* Main.storyboard */ = {
			isa = PBXVariantGroup;
			children = (
				FE6C454724DBB22F007E558E /* Base */,
			);
			name = Main.storyboard;
			sourceTree = "<group>";
		};
		FE6C454B24DBB22F007E558E /* LaunchScreen.storyboard */ = {
			isa = PBXVariantGroup;
			children = (
				FE6C454C24DBB22F007E558E /* Base */,
			);
			name = LaunchScreen.storyboard;
			sourceTree = "<group>";
		};
/* End PBXVariantGroup section */

/* Begin XCBuildConfiguration section */
		FE6C454F24DBB22F007E558E /* Debug */ = {
			isa = XCBuildConfiguration;
			buildSettings = {
				ALWAYS_SEARCH_USER_PATHS = NO;
				CLANG_ANALYZER_NONNULL = YES;
				CLANG_ANALYZER_NUMBER_OBJECT_CONVERSION = YES_AGGRESSIVE;
				CLANG_CXX_LANGUAGE_STANDARD = "gnu++14";
				CLANG_CXX_LIBRARY = "libc++";
				CLANG_ENABLE_MODULES = YES;
				CLANG_ENABLE_OBJC_ARC = YES;
				CLANG_ENABLE_OBJC_WEAK = YES;
				CLANG_WARN_BLOCK_CAPTURE_AUTORELEASING = YES;
				CLANG_WARN_BOOL_CONVERSION = YES;
				CLANG_WARN_COMMA = YES;
				CLANG_WARN_CONSTANT_CONVERSION = YES;
				CLANG_WARN_DEPRECATED_OBJC_IMPLEMENTATIONS = YES;
				CLANG_WARN_DIRECT_OBJC_ISA_USAGE = YES_ERROR;
				CLANG_WARN_DOCUMENTATION_COMMENTS = YES;
				CLANG_WARN_EMPTY_BODY = YES;
				CLANG_WARN_ENUM_CONVERSION = YES;
				CLANG_WARN_INFINITE_RECURSION = YES;
				CLANG_WARN_INT_CONVERSION = YES;
				CLANG_WARN_NON_LITERAL_NULL_CONVERSION = YES;
				CLANG_WARN_OBJC_IMPLICIT_RETAIN_SELF = YES;
				CLANG_WARN_OBJC_LITERAL_CONVERSION = YES;
				CLANG_WARN_OBJC_ROOT_CLASS = YES_ERROR;
				CLANG_WARN_RANGE_LOOP_ANALYSIS = YES;
				CLANG_WARN_STRICT_PROTOTYPES = YES;
				CLANG_WARN_SUSPICIOUS_MOVE = YES;
				CLANG_WARN_UNGUARDED_AVAILABILITY = YES_AGGRESSIVE;
				CLANG_WARN_UNREACHABLE_CODE = YES;
				CLANG_WARN__DUPLICATE_METHOD_MATCH = YES;
				COPY_PHASE_STRIP = NO;
				DEBUG_INFORMATION_FORMAT = dwarf;
				ENABLE_STRICT_OBJC_MSGSEND = YES;
				ENABLE_TESTABILITY = YES;
				GCC_C_LANGUAGE_STANDARD = gnu11;
				GCC_DYNAMIC_NO_PIC = NO;
				GCC_NO_COMMON_BLOCKS = YES;
				GCC_OPTIMIZATION_LEVEL = 0;
				GCC_PREPROCESSOR_DEFINITIONS = (
					"DEBUG=1",
					"$(inherited)",
				);
				GCC_WARN_64_TO_32_BIT_CONVERSION = YES;
				GCC_WARN_ABOUT_RETURN_TYPE = YES_ERROR;
				GCC_WARN_UNDECLARED_SELECTOR = YES;
				GCC_WARN_UNINITIALIZED_AUTOS = YES_AGGRESSIVE;
				GCC_WARN_UNUSED_FUNCTION = YES;
				GCC_WARN_UNUSED_VARIABLE = YES;
				IPHONEOS_DEPLOYMENT_TARGET = 13.6;
				MTL_ENABLE_DEBUG_INFO = INCLUDE_SOURCE;
				MTL_FAST_MATH = YES;
				ONLY_ACTIVE_ARCH = YES;
				SDKROOT = iphoneos;
				SWIFT_ACTIVE_COMPILATION_CONDITIONS = DEBUG;
				SWIFT_OPTIMIZATION_LEVEL = "-Onone";
			};
			name = Debug;
		};
		FE6C455024DBB22F007E558E /* Release */ = {
			isa = XCBuildConfiguration;
			buildSettings = {
				ALWAYS_SEARCH_USER_PATHS = NO;
				CLANG_ANALYZER_NONNULL = YES;
				CLANG_ANALYZER_NUMBER_OBJECT_CONVERSION = YES_AGGRESSIVE;
				CLANG_CXX_LANGUAGE_STANDARD = "gnu++14";
				CLANG_CXX_LIBRARY = "libc++";
				CLANG_ENABLE_MODULES = YES;
				CLANG_ENABLE_OBJC_ARC = YES;
				CLANG_ENABLE_OBJC_WEAK = YES;
				CLANG_WARN_BLOCK_CAPTURE_AUTORELEASING = YES;
				CLANG_WARN_BOOL_CONVERSION = YES;
				CLANG_WARN_COMMA = YES;
				CLANG_WARN_CONSTANT_CONVERSION = YES;
				CLANG_WARN_DEPRECATED_OBJC_IMPLEMENTATIONS = YES;
				CLANG_WARN_DIRECT_OBJC_ISA_USAGE = YES_ERROR;
				CLANG_WARN_DOCUMENTATION_COMMENTS = YES;
				CLANG_WARN_EMPTY_BODY = YES;
				CLANG_WARN_ENUM_CONVERSION = YES;
				CLANG_WARN_INFINITE_RECURSION = YES;
				CLANG_WARN_INT_CONVERSION = YES;
				CLANG_WARN_NON_LITERAL_NULL_CONVERSION = YES;
				CLANG_WARN_OBJC_IMPLICIT_RETAIN_SELF = YES;
				CLANG_WARN_OBJC_LITERAL_CONVERSION = YES;
				CLANG_WARN_OBJC_ROOT_CLASS = YES_ERROR;
				CLANG_WARN_RANGE_LOOP_ANALYSIS = YES;
				CLANG_WARN_STRICT_PROTOTYPES = YES;
				CLANG_WARN_SUSPICIOUS_MOVE = YES;
				CLANG_WARN_UNGUARDED_AVAILABILITY = YES_AGGRESSIVE;
				CLANG_WARN_UNREACHABLE_CODE = YES;
				CLANG_WARN__DUPLICATE_METHOD_MATCH = YES;
				COPY_PHASE_STRIP = NO;
				DEBUG_INFORMATION_FORMAT = "dwarf-with-dsym";
				ENABLE_NS_ASSERTIONS = NO;
				ENABLE_STRICT_OBJC_MSGSEND = YES;
				GCC_C_LANGUAGE_STANDARD = gnu11;
				GCC_NO_COMMON_BLOCKS = YES;
				GCC_WARN_64_TO_32_BIT_CONVERSION = YES;
				GCC_WARN_ABOUT_RETURN_TYPE = YES_ERROR;
				GCC_WARN_UNDECLARED_SELECTOR = YES;
				GCC_WARN_UNINITIALIZED_AUTOS = YES_AGGRESSIVE;
				GCC_WARN_UNUSED_FUNCTION = YES;
				GCC_WARN_UNUSED_VARIABLE = YES;
				IPHONEOS_DEPLOYMENT_TARGET = 13.6;
				MTL_ENABLE_DEBUG_INFO = NO;
				MTL_FAST_MATH = YES;
				SDKROOT = iphoneos;
				SWIFT_COMPILATION_MODE = wholemodule;
				SWIFT_OPTIMIZATION_LEVEL = "-O";
				VALIDATE_PRODUCT = YES;
			};
			name = Release;
		};
		FE6C455224DBB22F007E558E /* Debug */ = {
			isa = XCBuildConfiguration;
			buildSettings = {
				ASSETCATALOG_COMPILER_APPICON_NAME = AppIcon;
				CODE_SIGN_STYLE = Automatic;
				DEVELOPMENT_TEAM = 69U32QXGLT;
				INFOPLIST_FILE = AutoLayoutPattern/Info.plist;
				LD_RUNPATH_SEARCH_PATHS = (
					"$(inherited)",
					"@executable_path/Frameworks",
				);
				PRODUCT_BUNDLE_IDENTIFIER = "Swift-Beginners.AutoLayoutPattern";
				PRODUCT_NAME = "$(TARGET_NAME)";
				SWIFT_VERSION = 5.0;
				TARGETED_DEVICE_FAMILY = "1,2";
			};
			name = Debug;
		};
		FE6C455324DBB22F007E558E /* Release */ = {
			isa = XCBuildConfiguration;
			buildSettings = {
				ASSETCATALOG_COMPILER_APPICON_NAME = AppIcon;
				CODE_SIGN_STYLE = Automatic;
				DEVELOPMENT_TEAM = 69U32QXGLT;
				INFOPLIST_FILE = AutoLayoutPattern/Info.plist;
				LD_RUNPATH_SEARCH_PATHS = (
					"$(inherited)",
					"@executable_path/Frameworks",
				);
				PRODUCT_BUNDLE_IDENTIFIER = "Swift-Beginners.AutoLayoutPattern";
				PRODUCT_NAME = "$(TARGET_NAME)";
				SWIFT_VERSION = 5.0;
				TARGETED_DEVICE_FAMILY = "1,2";
			};
			name = Release;
		};
/* End XCBuildConfiguration section */

/* Begin XCConfigurationList section */
		FE6C453824DBB22F007E558E /* Build configuration list for PBXProject "AutoLayoutPattern" */ = {
			isa = XCConfigurationList;
			buildConfigurations = (
				FE6C454F24DBB22F007E558E /* Debug */,
				FE6C455024DBB22F007E558E /* Release */,
			);
			defaultConfigurationIsVisible = 0;
			defaultConfigurationName = Release;
		};
		FE6C455124DBB22F007E558E /* Build configuration list for PBXNativeTarget "AutoLayoutPattern" */ = {
			isa = XCConfigurationList;
			buildConfigurations = (
				FE6C455224DBB22F007E558E /* Debug */,
				FE6C455324DBB22F007E558E /* Release */,
			);
			defaultConfigurationIsVisible = 0;
			defaultConfigurationName = Release;
		};
/* End XCConfigurationList section */
	};
	rootObject = FE6C453524DBB22F007E558E /* Project object */;
}
