// !$*UTF8*$!
{
	archiveVersion = 1;
	classes = {
	};
	objectVersion = 55;
	objects = {

/* Begin PBXBuildFile section */
		FEDC668E279CBCBA0035925B /* SwiftUICoreDataMVVMApp.swift in Sources */ = {isa = PBXBuildFile; fileRef = FEDC668D279CBCBA0035925B /* SwiftUICoreDataMVVMApp.swift */; };
		FEDC6690279CBCBA0035925B /* ContentView.swift in Sources */ = {isa = PBXBuildFile; fileRef = FEDC668F279CBCBA0035925B /* ContentView.swift */; };
		FEDC6692279CBCBB0035925B /* Assets.xcassets in Resources */ = {isa = PBXBuildFile; fileRef = FEDC6691279CBCBB0035925B /* Assets.xcassets */; };
		FEDC6695279CBCBB0035925B /* Preview Assets.xcassets in Resources */ = {isa = PBXBuildFile; fileRef = FEDC6694279CBCBB0035925B /* Preview Assets.xcassets */; };
		FEDC669E279CBF220035925B /* BudgetAppModel.xcdatamodeld in Sources */ = {isa = PBXBuildFile; fileRef = FEDC669C279CBF220035925B /* BudgetAppModel.xcdatamodeld */; };
/* End PBXBuildFile section */

/* Begin PBXFileReference section */
		FEDC668A279CBCBA0035925B /* SwiftUICoreDataMVVM.app */ = {isa = PBXFileReference; explicitFileType = wrapper.application; includeInIndex = 0; path = SwiftUICoreDataMVVM.app; sourceTree = BUILT_PRODUCTS_DIR; };
		FEDC668D279CBCBA0035925B /* SwiftUICoreDataMVVMApp.swift */ = {isa = PBXFileReference; lastKnownFileType = sourcecode.swift; path = SwiftUICoreDataMVVMApp.swift; sourceTree = "<group>"; };
		FEDC668F279CBCBA0035925B /* ContentView.swift */ = {isa = PBXFileReference; lastKnownFileType = sourcecode.swift; path = ContentView.swift; sourceTree = "<group>"; };
		FEDC6691279CBCBB0035925B /* Assets.xcassets */ = {isa = PBXFileReference; lastKnownFileType = folder.assetcatalog; path = Assets.xcassets; sourceTree = "<group>"; };
		FEDC6694279CBCBB0035925B /* Preview Assets.xcassets */ = {isa = PBXFileReference; lastKnownFileType = folder.assetcatalog; path = "Preview Assets.xcassets"; sourceTree = "<group>"; };
		FEDC669B279CBCEB0035925B /* README.md */ = {isa = PBXFileReference; lastKnownFileType = net.daringfireball.markdown; path = README.md; sourceTree = "<group>"; };
		FEDC669D279CBF220035925B /* BudgetAppModel.xcdatamodel */ = {isa = PBXFileReference; lastKnownFileType = wrapper.xcdatamodel; path = BudgetAppModel.xcdatamodel; sourceTree = "<group>"; };
/* End PBXFileReference section */

/* Begin PBXFrameworksBuildPhase section */
		FEDC6687279CBCBA0035925B /* Frameworks */ = {
			isa = PBXFrameworksBuildPhase;
			buildActionMask = 2147483647;
			files = (
			);
			runOnlyForDeploymentPostprocessing = 0;
		};
/* End PBXFrameworksBuildPhase section */

/* Begin PBXGroup section */
		FEDC6681279CBCBA0035925B = {
			isa = PBXGroup;
			children = (
				FEDC669B279CBCEB0035925B /* README.md */,
				FEDC668C279CBCBA0035925B /* SwiftUICoreDataMVVM */,
				FEDC668B279CBCBA0035925B /* Products */,
			);
			sourceTree = "<group>";
		};
		FEDC668B279CBCBA0035925B /* Products */ = {
			isa = PBXGroup;
			children = (
				FEDC668A279CBCBA0035925B /* SwiftUICoreDataMVVM.app */,
			);
			name = Products;
			sourceTree = "<group>";
		};
		FEDC668C279CBCBA0035925B /* SwiftUICoreDataMVVM */ = {
			isa = PBXGroup;
			children = (
				FEDC669F279CC4D10035925B /* Managers */,
				FEDC668D279CBCBA0035925B /* SwiftUICoreDataMVVMApp.swift */,
				FEDC668F279CBCBA0035925B /* ContentView.swift */,
				FEDC6691279CBCBB0035925B /* Assets.xcassets */,
				FEDC6693279CBCBB0035925B /* Preview Content */,
				FEDC669C279CBF220035925B /* BudgetAppModel.xcdatamodeld */,
			);
			path = SwiftUICoreDataMVVM;
			sourceTree = "<group>";
		};
		FEDC6693279CBCBB0035925B /* Preview Content */ = {
			isa = PBXGroup;
			children = (
				FEDC6694279CBCBB0035925B /* Preview Assets.xcassets */,
			);
			path = "Preview Content";
			sourceTree = "<group>";
		};
		FEDC669F279CC4D10035925B /* Managers */ = {
			isa = PBXGroup;
			children = (
			);
			path = Managers;
			sourceTree = "<group>";
		};
/* End PBXGroup section */

/* Begin PBXNativeTarget section */
		FEDC6689279CBCBA0035925B /* SwiftUICoreDataMVVM */ = {
			isa = PBXNativeTarget;
			buildConfigurationList = FEDC6698279CBCBB0035925B /* Build configuration list for PBXNativeTarget "SwiftUICoreDataMVVM" */;
			buildPhases = (
				FEDC6686279CBCBA0035925B /* Sources */,
				FEDC6687279CBCBA0035925B /* Frameworks */,
				FEDC6688279CBCBA0035925B /* Resources */,
			);
			buildRules = (
			);
			dependencies = (
			);
			name = SwiftUICoreDataMVVM;
			productName = SwiftUICoreDataMVVM;
			productReference = FEDC668A279CBCBA0035925B /* SwiftUICoreDataMVVM.app */;
			productType = "com.apple.product-type.application";
		};
/* End PBXNativeTarget section */

/* Begin PBXProject section */
		FEDC6682279CBCBA0035925B /* Project object */ = {
			isa = PBXProject;
			attributes = {
				BuildIndependentTargetsInParallel = 1;
				LastSwiftUpdateCheck = 1320;
				LastUpgradeCheck = 1320;
				TargetAttributes = {
					FEDC6689279CBCBA0035925B = {
						CreatedOnToolsVersion = 13.2.1;
					};
				};
			};
			buildConfigurationList = FEDC6685279CBCBA0035925B /* Build configuration list for PBXProject "SwiftUICoreDataMVVM" */;
			compatibilityVersion = "Xcode 13.0";
			developmentRegion = en;
			hasScannedForEncodings = 0;
			knownRegions = (
				en,
				Base,
			);
			mainGroup = FEDC6681279CBCBA0035925B;
			productRefGroup = FEDC668B279CBCBA0035925B /* Products */;
			projectDirPath = "";
			projectRoot = "";
			targets = (
				FEDC6689279CBCBA0035925B /* SwiftUICoreDataMVVM */,
			);
		};
/* End PBXProject section */

/* Begin PBXResourcesBuildPhase section */
		FEDC6688279CBCBA0035925B /* Resources */ = {
			isa = PBXResourcesBuildPhase;
			buildActionMask = 2147483647;
			files = (
				FEDC6695279CBCBB0035925B /* Preview Assets.xcassets in Resources */,
				FEDC6692279CBCBB0035925B /* Assets.xcassets in Resources */,
			);
			runOnlyForDeploymentPostprocessing = 0;
		};
/* End PBXResourcesBuildPhase section */

/* Begin PBXSourcesBuildPhase section */
		FEDC6686279CBCBA0035925B /* Sources */ = {
			isa = PBXSourcesBuildPhase;
			buildActionMask = 2147483647;
			files = (
				FEDC6690279CBCBA0035925B /* ContentView.swift in Sources */,
				FEDC669E279CBF220035925B /* BudgetAppModel.xcdatamodeld in Sources */,
				FEDC668E279CBCBA0035925B /* SwiftUICoreDataMVVMApp.swift in Sources */,
			);
			runOnlyForDeploymentPostprocessing = 0;
		};
/* End PBXSourcesBuildPhase section */

/* Begin XCBuildConfiguration section */
		FEDC6696279CBCBB0035925B /* Debug */ = {
			isa = XCBuildConfiguration;
			buildSettings = {
				ALWAYS_SEARCH_USER_PATHS = NO;
				CLANG_ANALYZER_NONNULL = YES;
				CLANG_ANALYZER_NUMBER_OBJECT_CONVERSION = YES_AGGRESSIVE;
				CLANG_CXX_LANGUAGE_STANDARD = "gnu++17";
				CLANG_CXX_LIBRARY = "libc++";
				CLANG_ENABLE_MODULES = YES;
				CLANG_ENABLE_OBJC_ARC = YES;
				CLANG_ENABLE_OBJC_WEAK = YES;
				CLANG_WARN_BLOCK_CAPTURE_AUTORELEASING = YES;
				CLANG_WARN_BOOL_CONVERSION = YES;
				CLANG_WARN_COMMA = YES;
				CLANG_WARN_CONSTANT_CONVERSION = YES;
				CLANG_WARN_DEPRECATED_OBJC_IMPLEMENTATIONS = YES;
				CLANG_WARN_DIRECT_OBJC_ISA_USAGE = YES_ERROR;
				CLANG_WARN_DOCUMENTATION_COMMENTS = YES;
				CLANG_WARN_EMPTY_BODY = YES;
				CLANG_WARN_ENUM_CONVERSION = YES;
				CLANG_WARN_INFINITE_RECURSION = YES;
				CLANG_WARN_INT_CONVERSION = YES;
				CLANG_WARN_NON_LITERAL_NULL_CONVERSION = YES;
				CLANG_WARN_OBJC_IMPLICIT_RETAIN_SELF = YES;
				CLANG_WARN_OBJC_LITERAL_CONVERSION = YES;
				CLANG_WARN_OBJC_ROOT_CLASS = YES_ERROR;
				CLANG_WARN_QUOTED_INCLUDE_IN_FRAMEWORK_HEADER = YES;
				CLANG_WARN_RANGE_LOOP_ANALYSIS = YES;
				CLANG_WARN_STRICT_PROTOTYPES = YES;
				CLANG_WARN_SUSPICIOUS_MOVE = YES;
				CLANG_WARN_UNGUARDED_AVAILABILITY = YES_AGGRESSIVE;
				CLANG_WARN_UNREACHABLE_CODE = YES;
				CLANG_WARN__DUPLICATE_METHOD_MATCH = YES;
				COPY_PHASE_STRIP = NO;
				DEBUG_INFORMATION_FORMAT = dwarf;
				ENABLE_STRICT_OBJC_MSGSEND = YES;
				ENABLE_TESTABILITY = YES;
				GCC_C_LANGUAGE_STANDARD = gnu11;
				GCC_DYNAMIC_NO_PIC = NO;
				GCC_NO_COMMON_BLOCKS = YES;
				GCC_OPTIMIZATION_LEVEL = 0;
				GCC_PREPROCESSOR_DEFINITIONS = (
					"DEBUG=1",
					"$(inherited)",
				);
				GCC_WARN_64_TO_32_BIT_CONVERSION = YES;
				GCC_WARN_ABOUT_RETURN_TYPE = YES_ERROR;
				GCC_WARN_UNDECLARED_SELECTOR = YES;
				GCC_WARN_UNINITIALIZED_AUTOS = YES_AGGRESSIVE;
				GCC_WARN_UNUSED_FUNCTION = YES;
				GCC_WARN_UNUSED_VARIABLE = YES;
				IPHONEOS_DEPLOYMENT_TARGET = 15.2;
				MTL_ENABLE_DEBUG_INFO = INCLUDE_SOURCE;
				MTL_FAST_MATH = YES;
				ONLY_ACTIVE_ARCH = YES;
				SDKROOT = iphoneos;
				SWIFT_ACTIVE_COMPILATION_CONDITIONS = DEBUG;
				SWIFT_OPTIMIZATION_LEVEL = "-Onone";
			};
			name = Debug;
		};
		FEDC6697279CBCBB0035925B /* Release */ = {
			isa = XCBuildConfiguration;
			buildSettings = {
				ALWAYS_SEARCH_USER_PATHS = NO;
				CLANG_ANALYZER_NONNULL = YES;
				CLANG_ANALYZER_NUMBER_OBJECT_CONVERSION = YES_AGGRESSIVE;
				CLANG_CXX_LANGUAGE_STANDARD = "gnu++17";
				CLANG_CXX_LIBRARY = "libc++";
				CLANG_ENABLE_MODULES = YES;
				CLANG_ENABLE_OBJC_ARC = YES;
				CLANG_ENABLE_OBJC_WEAK = YES;
				CLANG_WARN_BLOCK_CAPTURE_AUTORELEASING = YES;
				CLANG_WARN_BOOL_CONVERSION = YES;
				CLANG_WARN_COMMA = YES;
				CLANG_WARN_CONSTANT_CONVERSION = YES;
				CLANG_WARN_DEPRECATED_OBJC_IMPLEMENTATIONS = YES;
				CLANG_WARN_DIRECT_OBJC_ISA_USAGE = YES_ERROR;
				CLANG_WARN_DOCUMENTATION_COMMENTS = YES;
				CLANG_WARN_EMPTY_BODY = YES;
				CLANG_WARN_ENUM_CONVERSION = YES;
				CLANG_WARN_INFINITE_RECURSION = YES;
				CLANG_WARN_INT_CONVERSION = YES;
				CLANG_WARN_NON_LITERAL_NULL_CONVERSION = YES;
				CLANG_WARN_OBJC_IMPLICIT_RETAIN_SELF = YES;
				CLANG_WARN_OBJC_LITERAL_CONVERSION = YES;
				CLANG_WARN_OBJC_ROOT_CLASS = YES_ERROR;
				CLANG_WARN_QUOTED_INCLUDE_IN_FRAMEWORK_HEADER = YES;
				CLANG_WARN_RANGE_LOOP_ANALYSIS = YES;
				CLANG_WARN_STRICT_PROTOTYPES = YES;
				CLANG_WARN_SUSPICIOUS_MOVE = YES;
				CLANG_WARN_UNGUARDED_AVAILABILITY = YES_AGGRESSIVE;
				CLANG_WARN_UNREACHABLE_CODE = YES;
				CLANG_WARN__DUPLICATE_METHOD_MATCH = YES;
				COPY_PHASE_STRIP = NO;
				DEBUG_INFORMATION_FORMAT = "dwarf-with-dsym";
				ENABLE_NS_ASSERTIONS = NO;
				ENABLE_STRICT_OBJC_MSGSEND = YES;
				GCC_C_LANGUAGE_STANDARD = gnu11;
				GCC_NO_COMMON_BLOCKS = YES;
				GCC_WARN_64_TO_32_BIT_CONVERSION = YES;
				GCC_WARN_ABOUT_RETURN_TYPE = YES_ERROR;
				GCC_WARN_UNDECLARED_SELECTOR = YES;
				GCC_WARN_UNINITIALIZED_AUTOS = YES_AGGRESSIVE;
				GCC_WARN_UNUSED_FUNCTION = YES;
				GCC_WARN_UNUSED_VARIABLE = YES;
				IPHONEOS_DEPLOYMENT_TARGET = 15.2;
				MTL_ENABLE_DEBUG_INFO = NO;
				MTL_FAST_MATH = YES;
				SDKROOT = iphoneos;
				SWIFT_COMPILATION_MODE = wholemodule;
				SWIFT_OPTIMIZATION_LEVEL = "-O";
				VALIDATE_PRODUCT = YES;
			};
			name = Release;
		};
		FEDC6699279CBCBB0035925B /* Debug */ = {
			isa = XCBuildConfiguration;
			buildSettings = {
				ASSETCATALOG_COMPILER_APPICON_NAME = AppIcon;
				ASSETCATALOG_COMPILER_GLOBAL_ACCENT_COLOR_NAME = AccentColor;
				CODE_SIGN_STYLE = Automatic;
				CURRENT_PROJECT_VERSION = 1;
				DEVELOPMENT_ASSET_PATHS = "\"SwiftUICoreDataMVVM/Preview Content\"";
				DEVELOPMENT_TEAM = 69U32QXGLT;
				ENABLE_PREVIEWS = YES;
				GENERATE_INFOPLIST_FILE = YES;
				INFOPLIST_KEY_UIApplicationSceneManifest_Generation = YES;
				INFOPLIST_KEY_UIApplicationSupportsIndirectInputEvents = YES;
				INFOPLIST_KEY_UILaunchScreen_Generation = YES;
				INFOPLIST_KEY_UISupportedInterfaceOrientations_iPad = "UIInterfaceOrientationPortrait UIInterfaceOrientationPortraitUpsideDown UIInterfaceOrientationLandscapeLeft UIInterfaceOrientationLandscapeRight";
				INFOPLIST_KEY_UISupportedInterfaceOrientations_iPhone = "UIInterfaceOrientationPortrait UIInterfaceOrientationLandscapeLeft UIInterfaceOrientationLandscapeRight";
				LD_RUNPATH_SEARCH_PATHS = (
					"$(inherited)",
					"@executable_path/Frameworks",
				);
				MARKETING_VERSION = 1.0;
				PRODUCT_BUNDLE_IDENTIFIER = "Swift-Beginners.SwiftUICoreDataMVVM";
				PRODUCT_NAME = "$(TARGET_NAME)";
				SWIFT_EMIT_LOC_STRINGS = YES;
				SWIFT_VERSION = 5.0;
				TARGETED_DEVICE_FAMILY = "1,2";
			};
			name = Debug;
		};
		FEDC669A279CBCBB0035925B /* Release */ = {
			isa = XCBuildConfiguration;
			buildSettings = {
				ASSETCATALOG_COMPILER_APPICON_NAME = AppIcon;
				ASSETCATALOG_COMPILER_GLOBAL_ACCENT_COLOR_NAME = AccentColor;
				CODE_SIGN_STYLE = Automatic;
				CURRENT_PROJECT_VERSION = 1;
				DEVELOPMENT_ASSET_PATHS = "\"SwiftUICoreDataMVVM/Preview Content\"";
				DEVELOPMENT_TEAM = 69U32QXGLT;
				ENABLE_PREVIEWS = YES;
				GENERATE_INFOPLIST_FILE = YES;
				INFOPLIST_KEY_UIApplicationSceneManifest_Generation = YES;
				INFOPLIST_KEY_UIApplicationSupportsIndirectInputEvents = YES;
				INFOPLIST_KEY_UILaunchScreen_Generation = YES;
				INFOPLIST_KEY_UISupportedInterfaceOrientations_iPad = "UIInterfaceOrientationPortrait UIInterfaceOrientationPortraitUpsideDown UIInterfaceOrientationLandscapeLeft UIInterfaceOrientationLandscapeRight";
				INFOPLIST_KEY_UISupportedInterfaceOrientations_iPhone = "UIInterfaceOrientationPortrait UIInterfaceOrientationLandscapeLeft UIInterfaceOrientationLandscapeRight";
				LD_RUNPATH_SEARCH_PATHS = (
					"$(inherited)",
					"@executable_path/Frameworks",
				);
				MARKETING_VERSION = 1.0;
				PRODUCT_BUNDLE_IDENTIFIER = "Swift-Beginners.SwiftUICoreDataMVVM";
				PRODUCT_NAME = "$(TARGET_NAME)";
				SWIFT_EMIT_LOC_STRINGS = YES;
				SWIFT_VERSION = 5.0;
				TARGETED_DEVICE_FAMILY = "1,2";
			};
			name = Release;
		};
/* End XCBuildConfiguration section */

/* Begin XCConfigurationList section */
		FEDC6685279CBCBA0035925B /* Build configuration list for PBXProject "SwiftUICoreDataMVVM" */ = {
			isa = XCConfigurationList;
			buildConfigurations = (
				FEDC6696279CBCBB0035925B /* Debug */,
				FEDC6697279CBCBB0035925B /* Release */,
			);
			defaultConfigurationIsVisible = 0;
			defaultConfigurationName = Release;
		};
		FEDC6698279CBCBB0035925B /* Build configuration list for PBXNativeTarget "SwiftUICoreDataMVVM" */ = {
			isa = XCConfigurationList;
			buildConfigurations = (
				FEDC6699279CBCBB0035925B /* Debug */,
				FEDC669A279CBCBB0035925B /* Release */,
			);
			defaultConfigurationIsVisible = 0;
			defaultConfigurationName = Release;
		};
/* End XCConfigurationList section */

/* Begin XCVersionGroup section */
		FEDC669C279CBF220035925B /* BudgetAppModel.xcdatamodeld */ = {
			isa = XCVersionGroup;
			children = (
				FEDC669D279CBF220035925B /* BudgetAppModel.xcdatamodel */,
			);
			currentVersion = FEDC669D279CBF220035925B /* BudgetAppModel.xcdatamodel */;
			path = BudgetAppModel.xcdatamodeld;
			sourceTree = "<group>";
			versionGroupType = wrapper.xcdatamodel;
		};
/* End XCVersionGroup section */
	};
	rootObject = FEDC6682279CBCBA0035925B /* Project object */;
}
