// !$*UTF8*$!
{
	archiveVersion = 1;
	classes = {
	};
	objectVersion = 50;
	objects = {

/* Begin PBXBuildFile section */
		FE84610024E9F1AC0049AE5F /* AppDelegate.swift in Sources */ = {isa = PBXBuildFile; fileRef = FE8460FF24E9F1AC0049AE5F /* AppDelegate.swift */; };
		FE84610224E9F1AC0049AE5F /* SceneDelegate.swift in Sources */ = {isa = PBXBuildFile; fileRef = FE84610124E9F1AC0049AE5F /* SceneDelegate.swift */; };
		FE84610424E9F1AC0049AE5F /* ViewController.swift in Sources */ = {isa = PBXBuildFile; fileRef = FE84610324E9F1AC0049AE5F /* ViewController.swift */; };
		FE84610724E9F1AC0049AE5F /* Main.storyboard in Resources */ = {isa = PBXBuildFile; fileRef = FE84610524E9F1AC0049AE5F /* Main.storyboard */; };
		FE84610924E9F1AC0049AE5F /* Assets.xcassets in Resources */ = {isa = PBXBuildFile; fileRef = FE84610824E9F1AC0049AE5F /* Assets.xcassets */; };
		FE84610C24E9F1AC0049AE5F /* LaunchScreen.storyboard in Resources */ = {isa = PBXBuildFile; fileRef = FE84610A24E9F1AC0049AE5F /* LaunchScreen.storyboard */; };
/* End PBXBuildFile section */

/* Begin PBXFileReference section */
		FE8460FC24E9F1AC0049AE5F /* UIKit003.app */ = {isa = PBXFileReference; explicitFileType = wrapper.application; includeInIndex = 0; path = UIKit003.app; sourceTree = BUILT_PRODUCTS_DIR; };
		FE8460FF24E9F1AC0049AE5F /* AppDelegate.swift */ = {isa = PBXFileReference; lastKnownFileType = sourcecode.swift; path = AppDelegate.swift; sourceTree = "<group>"; };
		FE84610124E9F1AC0049AE5F /* SceneDelegate.swift */ = {isa = PBXFileReference; lastKnownFileType = sourcecode.swift; path = SceneDelegate.swift; sourceTree = "<group>"; };
		FE84610324E9F1AC0049AE5F /* ViewController.swift */ = {isa = PBXFileReference; lastKnownFileType = sourcecode.swift; path = ViewController.swift; sourceTree = "<group>"; };
		FE84610624E9F1AC0049AE5F /* Base */ = {isa = PBXFileReference; lastKnownFileType = file.storyboard; name = Base; path = Base.lproj/Main.storyboard; sourceTree = "<group>"; };
		FE84610824E9F1AC0049AE5F /* Assets.xcassets */ = {isa = PBXFileReference; lastKnownFileType = folder.assetcatalog; path = Assets.xcassets; sourceTree = "<group>"; };
		FE84610B24E9F1AC0049AE5F /* Base */ = {isa = PBXFileReference; lastKnownFileType = file.storyboard; name = Base; path = Base.lproj/LaunchScreen.storyboard; sourceTree = "<group>"; };
		FE84610D24E9F1AC0049AE5F /* Info.plist */ = {isa = PBXFileReference; lastKnownFileType = text.plist.xml; path = Info.plist; sourceTree = "<group>"; };
/* End PBXFileReference section */

/* Begin PBXFrameworksBuildPhase section */
		FE8460F924E9F1AC0049AE5F /* Frameworks */ = {
			isa = PBXFrameworksBuildPhase;
			buildActionMask = 2147483647;
			files = (
			);
			runOnlyForDeploymentPostprocessing = 0;
		};
/* End PBXFrameworksBuildPhase section */

/* Begin PBXGroup section */
		FE8460F324E9F1AC0049AE5F = {
			isa = PBXGroup;
			children = (
				FE8460FE24E9F1AC0049AE5F /* UIKit003 */,
				FE8460FD24E9F1AC0049AE5F /* Products */,
			);
			sourceTree = "<group>";
		};
		FE8460FD24E9F1AC0049AE5F /* Products */ = {
			isa = PBXGroup;
			children = (
				FE8460FC24E9F1AC0049AE5F /* UIKit003.app */,
			);
			name = Products;
			sourceTree = "<group>";
		};
		FE8460FE24E9F1AC0049AE5F /* UIKit003 */ = {
			isa = PBXGroup;
			children = (
				FE8460FF24E9F1AC0049AE5F /* AppDelegate.swift */,
				FE84610124E9F1AC0049AE5F /* SceneDelegate.swift */,
				FE84610324E9F1AC0049AE5F /* ViewController.swift */,
				FE84610524E9F1AC0049AE5F /* Main.storyboard */,
				FE84610824E9F1AC0049AE5F /* Assets.xcassets */,
				FE84610A24E9F1AC0049AE5F /* LaunchScreen.storyboard */,
				FE84610D24E9F1AC0049AE5F /* Info.plist */,
			);
			path = UIKit003;
			sourceTree = "<group>";
		};
/* End PBXGroup section */

/* Begin PBXNativeTarget section */
		FE8460FB24E9F1AC0049AE5F /* UIKit003 */ = {
			isa = PBXNativeTarget;
			buildConfigurationList = FE84611024E9F1AC0049AE5F /* Build configuration list for PBXNativeTarget "UIKit003" */;
			buildPhases = (
				FE8460F824E9F1AC0049AE5F /* Sources */,
				FE8460F924E9F1AC0049AE5F /* Frameworks */,
				FE8460FA24E9F1AC0049AE5F /* Resources */,
			);
			buildRules = (
			);
			dependencies = (
			);
			name = UIKit003;
			productName = UIKit003;
			productReference = FE8460FC24E9F1AC0049AE5F /* UIKit003.app */;
			productType = "com.apple.product-type.application";
		};
/* End PBXNativeTarget section */

/* Begin PBXProject section */
		FE8460F424E9F1AC0049AE5F /* Project object */ = {
			isa = PBXProject;
			attributes = {
				LastSwiftUpdateCheck = 1160;
				LastUpgradeCheck = 1160;
				ORGANIZATIONNAME = "Kobayashi Yoshinori";
				TargetAttributes = {
					FE8460FB24E9F1AC0049AE5F = {
						CreatedOnToolsVersion = 11.6;
					};
				};
			};
			buildConfigurationList = FE8460F724E9F1AC0049AE5F /* Build configuration list for PBXProject "UIKit003" */;
			compatibilityVersion = "Xcode 9.3";
			developmentRegion = en;
			hasScannedForEncodings = 0;
			knownRegions = (
				en,
				Base,
			);
			mainGroup = FE8460F324E9F1AC0049AE5F;
			productRefGroup = FE8460FD24E9F1AC0049AE5F /* Products */;
			projectDirPath = "";
			projectRoot = "";
			targets = (
				FE8460FB24E9F1AC0049AE5F /* UIKit003 */,
			);
		};
/* End PBXProject section */

/* Begin PBXResourcesBuildPhase section */
		FE8460FA24E9F1AC0049AE5F /* Resources */ = {
			isa = PBXResourcesBuildPhase;
			buildActionMask = 2147483647;
			files = (
				FE84610C24E9F1AC0049AE5F /* LaunchScreen.storyboard in Resources */,
				FE84610924E9F1AC0049AE5F /* Assets.xcassets in Resources */,
				FE84610724E9F1AC0049AE5F /* Main.storyboard in Resources */,
			);
			runOnlyForDeploymentPostprocessing = 0;
		};
/* End PBXResourcesBuildPhase section */

/* Begin PBXSourcesBuildPhase section */
		FE8460F824E9F1AC0049AE5F /* Sources */ = {
			isa = PBXSourcesBuildPhase;
			buildActionMask = 2147483647;
			files = (
				FE84610424E9F1AC0049AE5F /* ViewController.swift in Sources */,
				FE84610024E9F1AC0049AE5F /* AppDelegate.swift in Sources */,
				FE84610224E9F1AC0049AE5F /* SceneDelegate.swift in Sources */,
			);
			runOnlyForDeploymentPostprocessing = 0;
		};
/* End PBXSourcesBuildPhase section */

/* Begin PBXVariantGroup section */
		FE84610524E9F1AC0049AE5F /* Main.storyboard */ = {
			isa = PBXVariantGroup;
			children = (
				FE84610624E9F1AC0049AE5F /* Base */,
			);
			name = Main.storyboard;
			sourceTree = "<group>";
		};
		FE84610A24E9F1AC0049AE5F /* LaunchScreen.storyboard */ = {
			isa = PBXVariantGroup;
			children = (
				FE84610B24E9F1AC0049AE5F /* Base */,
			);
			name = LaunchScreen.storyboard;
			sourceTree = "<group>";
		};
/* End PBXVariantGroup section */

/* Begin XCBuildConfiguration section */
		FE84610E24E9F1AC0049AE5F /* Debug */ = {
			isa = XCBuildConfiguration;
			buildSettings = {
				ALWAYS_SEARCH_USER_PATHS = NO;
				CLANG_ANALYZER_NONNULL = YES;
				CLANG_ANALYZER_NUMBER_OBJECT_CONVERSION = YES_AGGRESSIVE;
				CLANG_CXX_LANGUAGE_STANDARD = "gnu++14";
				CLANG_CXX_LIBRARY = "libc++";
				CLANG_ENABLE_MODULES = YES;
				CLANG_ENABLE_OBJC_ARC = YES;
				CLANG_ENABLE_OBJC_WEAK = YES;
				CLANG_WARN_BLOCK_CAPTURE_AUTORELEASING = YES;
				CLANG_WARN_BOOL_CONVERSION = YES;
				CLANG_WARN_COMMA = YES;
				CLANG_WARN_CONSTANT_CONVERSION = YES;
				CLANG_WARN_DEPRECATED_OBJC_IMPLEMENTATIONS = YES;
				CLANG_WARN_DIRECT_OBJC_ISA_USAGE = YES_ERROR;
				CLANG_WARN_DOCUMENTATION_COMMENTS = YES;
				CLANG_WARN_EMPTY_BODY = YES;
				CLANG_WARN_ENUM_CONVERSION = YES;
				CLANG_WARN_INFINITE_RECURSION = YES;
				CLANG_WARN_INT_CONVERSION = YES;
				CLANG_WARN_NON_LITERAL_NULL_CONVERSION = YES;
				CLANG_WARN_OBJC_IMPLICIT_RETAIN_SELF = YES;
				CLANG_WARN_OBJC_LITERAL_CONVERSION = YES;
				CLANG_WARN_OBJC_ROOT_CLASS = YES_ERROR;
				CLANG_WARN_RANGE_LOOP_ANALYSIS = YES;
				CLANG_WARN_STRICT_PROTOTYPES = YES;
				CLANG_WARN_SUSPICIOUS_MOVE = YES;
				CLANG_WARN_UNGUARDED_AVAILABILITY = YES_AGGRESSIVE;
				CLANG_WARN_UNREACHABLE_CODE = YES;
				CLANG_WARN__DUPLICATE_METHOD_MATCH = YES;
				COPY_PHASE_STRIP = NO;
				DEBUG_INFORMATION_FORMAT = dwarf;
				ENABLE_STRICT_OBJC_MSGSEND = YES;
				ENABLE_TESTABILITY = YES;
				GCC_C_LANGUAGE_STANDARD = gnu11;
				GCC_DYNAMIC_NO_PIC = NO;
				GCC_NO_COMMON_BLOCKS = YES;
				GCC_OPTIMIZATION_LEVEL = 0;
				GCC_PREPROCESSOR_DEFINITIONS = (
					"DEBUG=1",
					"$(inherited)",
				);
				GCC_WARN_64_TO_32_BIT_CONVERSION = YES;
				GCC_WARN_ABOUT_RETURN_TYPE = YES_ERROR;
				GCC_WARN_UNDECLARED_SELECTOR = YES;
				GCC_WARN_UNINITIALIZED_AUTOS = YES_AGGRESSIVE;
				GCC_WARN_UNUSED_FUNCTION = YES;
				GCC_WARN_UNUSED_VARIABLE = YES;
				IPHONEOS_DEPLOYMENT_TARGET = 13.6;
				MTL_ENABLE_DEBUG_INFO = INCLUDE_SOURCE;
				MTL_FAST_MATH = YES;
				ONLY_ACTIVE_ARCH = YES;
				SDKROOT = iphoneos;
				SWIFT_ACTIVE_COMPILATION_CONDITIONS = DEBUG;
				SWIFT_OPTIMIZATION_LEVEL = "-Onone";
			};
			name = Debug;
		};
		FE84610F24E9F1AC0049AE5F /* Release */ = {
			isa = XCBuildConfiguration;
			buildSettings = {
				ALWAYS_SEARCH_USER_PATHS = NO;
				CLANG_ANALYZER_NONNULL = YES;
				CLANG_ANALYZER_NUMBER_OBJECT_CONVERSION = YES_AGGRESSIVE;
				CLANG_CXX_LANGUAGE_STANDARD = "gnu++14";
				CLANG_CXX_LIBRARY = "libc++";
				CLANG_ENABLE_MODULES = YES;
				CLANG_ENABLE_OBJC_ARC = YES;
				CLANG_ENABLE_OBJC_WEAK = YES;
				CLANG_WARN_BLOCK_CAPTURE_AUTORELEASING = YES;
				CLANG_WARN_BOOL_CONVERSION = YES;
				CLANG_WARN_COMMA = YES;
				CLANG_WARN_CONSTANT_CONVERSION = YES;
				CLANG_WARN_DEPRECATED_OBJC_IMPLEMENTATIONS = YES;
				CLANG_WARN_DIRECT_OBJC_ISA_USAGE = YES_ERROR;
				CLANG_WARN_DOCUMENTATION_COMMENTS = YES;
				CLANG_WARN_EMPTY_BODY = YES;
				CLANG_WARN_ENUM_CONVERSION = YES;
				CLANG_WARN_INFINITE_RECURSION = YES;
				CLANG_WARN_INT_CONVERSION = YES;
				CLANG_WARN_NON_LITERAL_NULL_CONVERSION = YES;
				CLANG_WARN_OBJC_IMPLICIT_RETAIN_SELF = YES;
				CLANG_WARN_OBJC_LITERAL_CONVERSION = YES;
				CLANG_WARN_OBJC_ROOT_CLASS = YES_ERROR;
				CLANG_WARN_RANGE_LOOP_ANALYSIS = YES;
				CLANG_WARN_STRICT_PROTOTYPES = YES;
				CLANG_WARN_SUSPICIOUS_MOVE = YES;
				CLANG_WARN_UNGUARDED_AVAILABILITY = YES_AGGRESSIVE;
				CLANG_WARN_UNREACHABLE_CODE = YES;
				CLANG_WARN__DUPLICATE_METHOD_MATCH = YES;
				COPY_PHASE_STRIP = NO;
				DEBUG_INFORMATION_FORMAT = "dwarf-with-dsym";
				ENABLE_NS_ASSERTIONS = NO;
				ENABLE_STRICT_OBJC_MSGSEND = YES;
				GCC_C_LANGUAGE_STANDARD = gnu11;
				GCC_NO_COMMON_BLOCKS = YES;
				GCC_WARN_64_TO_32_BIT_CONVERSION = YES;
				GCC_WARN_ABOUT_RETURN_TYPE = YES_ERROR;
				GCC_WARN_UNDECLARED_SELECTOR = YES;
				GCC_WARN_UNINITIALIZED_AUTOS = YES_AGGRESSIVE;
				GCC_WARN_UNUSED_FUNCTION = YES;
				GCC_WARN_UNUSED_VARIABLE = YES;
				IPHONEOS_DEPLOYMENT_TARGET = 13.6;
				MTL_ENABLE_DEBUG_INFO = NO;
				MTL_FAST_MATH = YES;
				SDKROOT = iphoneos;
				SWIFT_COMPILATION_MODE = wholemodule;
				SWIFT_OPTIMIZATION_LEVEL = "-O";
				VALIDATE_PRODUCT = YES;
			};
			name = Release;
		};
		FE84611124E9F1AC0049AE5F /* Debug */ = {
			isa = XCBuildConfiguration;
			buildSettings = {
				ASSETCATALOG_COMPILER_APPICON_NAME = AppIcon;
				CODE_SIGN_STYLE = Automatic;
				DEVELOPMENT_TEAM = 69U32QXGLT;
				INFOPLIST_FILE = UIKit003/Info.plist;
				LD_RUNPATH_SEARCH_PATHS = (
					"$(inherited)",
					"@executable_path/Frameworks",
				);
				PRODUCT_BUNDLE_IDENTIFIER = "Swift-Beginners.UIKit003";
				PRODUCT_NAME = "$(TARGET_NAME)";
				SWIFT_VERSION = 5.0;
				TARGETED_DEVICE_FAMILY = "1,2";
			};
			name = Debug;
		};
		FE84611224E9F1AC0049AE5F /* Release */ = {
			isa = XCBuildConfiguration;
			buildSettings = {
				ASSETCATALOG_COMPILER_APPICON_NAME = AppIcon;
				CODE_SIGN_STYLE = Automatic;
				DEVELOPMENT_TEAM = 69U32QXGLT;
				INFOPLIST_FILE = UIKit003/Info.plist;
				LD_RUNPATH_SEARCH_PATHS = (
					"$(inherited)",
					"@executable_path/Frameworks",
				);
				PRODUCT_BUNDLE_IDENTIFIER = "Swift-Beginners.UIKit003";
				PRODUCT_NAME = "$(TARGET_NAME)";
				SWIFT_VERSION = 5.0;
				TARGETED_DEVICE_FAMILY = "1,2";
			};
			name = Release;
		};
/* End XCBuildConfiguration section */

/* Begin XCConfigurationList section */
		FE8460F724E9F1AC0049AE5F /* Build configuration list for PBXProject "UIKit003" */ = {
			isa = XCConfigurationList;
			buildConfigurations = (
				FE84610E24E9F1AC0049AE5F /* Debug */,
				FE84610F24E9F1AC0049AE5F /* Release */,
			);
			defaultConfigurationIsVisible = 0;
			defaultConfigurationName = Release;
		};
		FE84611024E9F1AC0049AE5F /* Build configuration list for PBXNativeTarget "UIKit003" */ = {
			isa = XCConfigurationList;
			buildConfigurations = (
				FE84611124E9F1AC0049AE5F /* Debug */,
				FE84611224E9F1AC0049AE5F /* Release */,
			);
			defaultConfigurationIsVisible = 0;
			defaultConfigurationName = Release;
		};
/* End XCConfigurationList section */
	};
	rootObject = FE8460F424E9F1AC0049AE5F /* Project object */;
}
