// !$*UTF8*$!
{
	archiveVersion = 1;
	classes = {
	};
	objectVersion = 55;
	objects = {

/* Begin PBXBuildFile section */
		26CF57CC36DE93FB27F9A4F8 /* Pods_RxSwift_Observables.framework in Frameworks */ = {isa = PBXBuildFile; fileRef = 3120BF9849F57109A75907D5 /* Pods_RxSwift_Observables.framework */; };
		FAF7C2F227CF026B00A7F73A /* AppDelegate.swift in Sources */ = {isa = PBXBuildFile; fileRef = FAF7C2F127CF026B00A7F73A /* AppDelegate.swift */; };
		FAF7C2F427CF026B00A7F73A /* SceneDelegate.swift in Sources */ = {isa = PBXBuildFile; fileRef = FAF7C2F327CF026B00A7F73A /* SceneDelegate.swift */; };
		FAF7C2F627CF026B00A7F73A /* ViewController.swift in Sources */ = {isa = PBXBuildFile; fileRef = FAF7C2F527CF026B00A7F73A /* ViewController.swift */; };
		FAF7C2F927CF026B00A7F73A /* Main.storyboard in Resources */ = {isa = PBXBuildFile; fileRef = FAF7C2F727CF026B00A7F73A /* Main.storyboard */; };
		FAF7C2FB27CF026E00A7F73A /* Assets.xcassets in Resources */ = {isa = PBXBuildFile; fileRef = FAF7C2FA27CF026E00A7F73A /* Assets.xcassets */; };
		FAF7C2FE27CF026E00A7F73A /* LaunchScreen.storyboard in Resources */ = {isa = PBXBuildFile; fileRef = FAF7C2FC27CF026E00A7F73A /* LaunchScreen.storyboard */; };
/* End PBXBuildFile section */

/* Begin PBXFileReference section */
		181BC536A829A092B141AC8D /* Pods-RxSwift_Observables.debug.xcconfig */ = {isa = PBXFileReference; includeInIndex = 1; lastKnownFileType = text.xcconfig; name = "Pods-RxSwift_Observables.debug.xcconfig"; path = "Target Support Files/Pods-RxSwift_Observables/Pods-RxSwift_Observables.debug.xcconfig"; sourceTree = "<group>"; };
		3120BF9849F57109A75907D5 /* Pods_RxSwift_Observables.framework */ = {isa = PBXFileReference; explicitFileType = wrapper.framework; includeInIndex = 0; path = Pods_RxSwift_Observables.framework; sourceTree = BUILT_PRODUCTS_DIR; };
		A1B17E95984F3884990BA77B /* Pods-RxSwift_Observables.release.xcconfig */ = {isa = PBXFileReference; includeInIndex = 1; lastKnownFileType = text.xcconfig; name = "Pods-RxSwift_Observables.release.xcconfig"; path = "Target Support Files/Pods-RxSwift_Observables/Pods-RxSwift_Observables.release.xcconfig"; sourceTree = "<group>"; };
		FAF7C2EE27CF026B00A7F73A /* RxSwift_Observables.app */ = {isa = PBXFileReference; explicitFileType = wrapper.application; includeInIndex = 0; path = RxSwift_Observables.app; sourceTree = BUILT_PRODUCTS_DIR; };
		FAF7C2F127CF026B00A7F73A /* AppDelegate.swift */ = {isa = PBXFileReference; lastKnownFileType = sourcecode.swift; path = AppDelegate.swift; sourceTree = "<group>"; };
		FAF7C2F327CF026B00A7F73A /* SceneDelegate.swift */ = {isa = PBXFileReference; lastKnownFileType = sourcecode.swift; path = SceneDelegate.swift; sourceTree = "<group>"; };
		FAF7C2F527CF026B00A7F73A /* ViewController.swift */ = {isa = PBXFileReference; lastKnownFileType = sourcecode.swift; path = ViewController.swift; sourceTree = "<group>"; };
		FAF7C2F827CF026B00A7F73A /* Base */ = {isa = PBXFileReference; lastKnownFileType = file.storyboard; name = Base; path = Base.lproj/Main.storyboard; sourceTree = "<group>"; };
		FAF7C2FA27CF026E00A7F73A /* Assets.xcassets */ = {isa = PBXFileReference; lastKnownFileType = folder.assetcatalog; path = Assets.xcassets; sourceTree = "<group>"; };
		FAF7C2FD27CF026E00A7F73A /* Base */ = {isa = PBXFileReference; lastKnownFileType = file.storyboard; name = Base; path = Base.lproj/LaunchScreen.storyboard; sourceTree = "<group>"; };
		FAF7C2FF27CF026E00A7F73A /* Info.plist */ = {isa = PBXFileReference; lastKnownFileType = text.plist.xml; path = Info.plist; sourceTree = "<group>"; };
		FAF7C30527CF02FF00A7F73A /* README.md */ = {isa = PBXFileReference; lastKnownFileType = net.daringfireball.markdown; path = README.md; sourceTree = "<group>"; };
/* End PBXFileReference section */

/* Begin PBXFrameworksBuildPhase section */
		FAF7C2EB27CF026B00A7F73A /* Frameworks */ = {
			isa = PBXFrameworksBuildPhase;
			buildActionMask = 2147483647;
			files = (
				26CF57CC36DE93FB27F9A4F8 /* Pods_RxSwift_Observables.framework in Frameworks */,
			);
			runOnlyForDeploymentPostprocessing = 0;
		};
/* End PBXFrameworksBuildPhase section */

/* Begin PBXGroup section */
		BA296734B416113E09643228 /* Pods */ = {
			isa = PBXGroup;
			children = (
				181BC536A829A092B141AC8D /* Pods-RxSwift_Observables.debug.xcconfig */,
				A1B17E95984F3884990BA77B /* Pods-RxSwift_Observables.release.xcconfig */,
			);
			path = Pods;
			sourceTree = "<group>";
		};
		F709BDBBA3BB83189CF6C2AE /* Frameworks */ = {
			isa = PBXGroup;
			children = (
				3120BF9849F57109A75907D5 /* Pods_RxSwift_Observables.framework */,
			);
			name = Frameworks;
			sourceTree = "<group>";
		};
		FAF7C2E527CF026B00A7F73A = {
			isa = PBXGroup;
			children = (
				FAF7C30527CF02FF00A7F73A /* README.md */,
				FAF7C2F027CF026B00A7F73A /* RxSwift_Observables */,
				FAF7C2EF27CF026B00A7F73A /* Products */,
				BA296734B416113E09643228 /* Pods */,
				F709BDBBA3BB83189CF6C2AE /* Frameworks */,
			);
			sourceTree = "<group>";
		};
		FAF7C2EF27CF026B00A7F73A /* Products */ = {
			isa = PBXGroup;
			children = (
				FAF7C2EE27CF026B00A7F73A /* RxSwift_Observables.app */,
			);
			name = Products;
			sourceTree = "<group>";
		};
		FAF7C2F027CF026B00A7F73A /* RxSwift_Observables */ = {
			isa = PBXGroup;
			children = (
				FAF7C2F127CF026B00A7F73A /* AppDelegate.swift */,
				FAF7C2F327CF026B00A7F73A /* SceneDelegate.swift */,
				FAF7C2F527CF026B00A7F73A /* ViewController.swift */,
				FAF7C2F727CF026B00A7F73A /* Main.storyboard */,
				FAF7C2FA27CF026E00A7F73A /* Assets.xcassets */,
				FAF7C2FC27CF026E00A7F73A /* LaunchScreen.storyboard */,
				FAF7C2FF27CF026E00A7F73A /* Info.plist */,
			);
			path = RxSwift_Observables;
			sourceTree = "<group>";
		};
/* End PBXGroup section */

/* Begin PBXNativeTarget section */
		FAF7C2ED27CF026B00A7F73A /* RxSwift_Observables */ = {
			isa = PBXNativeTarget;
			buildConfigurationList = FAF7C30227CF026E00A7F73A /* Build configuration list for PBXNativeTarget "RxSwift_Observables" */;
			buildPhases = (
				AE26A41CA7292173DFAE30E8 /* [CP] Check Pods Manifest.lock */,
				FAF7C2EA27CF026B00A7F73A /* Sources */,
				FAF7C2EB27CF026B00A7F73A /* Frameworks */,
				FAF7C2EC27CF026B00A7F73A /* Resources */,
				3B6BFA390D50FB65C4F4AE79 /* [CP] Embed Pods Frameworks */,
			);
			buildRules = (
			);
			dependencies = (
			);
			name = RxSwift_Observables;
			productName = RxSwift_Observables;
			productReference = FAF7C2EE27CF026B00A7F73A /* RxSwift_Observables.app */;
			productType = "com.apple.product-type.application";
		};
/* End PBXNativeTarget section */

/* Begin PBXProject section */
		FAF7C2E627CF026B00A7F73A /* Project object */ = {
			isa = PBXProject;
			attributes = {
				BuildIndependentTargetsInParallel = 1;
				LastSwiftUpdateCheck = 1320;
				LastUpgradeCheck = 1320;
				TargetAttributes = {
					FAF7C2ED27CF026B00A7F73A = {
						CreatedOnToolsVersion = 13.2.1;
					};
				};
			};
			buildConfigurationList = FAF7C2E927CF026B00A7F73A /* Build configuration list for PBXProject "RxSwift_Observables" */;
			compatibilityVersion = "Xcode 13.0";
			developmentRegion = en;
			hasScannedForEncodings = 0;
			knownRegions = (
				en,
				Base,
			);
			mainGroup = FAF7C2E527CF026B00A7F73A;
			productRefGroup = FAF7C2EF27CF026B00A7F73A /* Products */;
			projectDirPath = "";
			projectRoot = "";
			targets = (
				FAF7C2ED27CF026B00A7F73A /* RxSwift_Observables */,
			);
		};
/* End PBXProject section */

/* Begin PBXResourcesBuildPhase section */
		FAF7C2EC27CF026B00A7F73A /* Resources */ = {
			isa = PBXResourcesBuildPhase;
			buildActionMask = 2147483647;
			files = (
				FAF7C2FE27CF026E00A7F73A /* LaunchScreen.storyboard in Resources */,
				FAF7C2FB27CF026E00A7F73A /* Assets.xcassets in Resources */,
				FAF7C2F927CF026B00A7F73A /* Main.storyboard in Resources */,
			);
			runOnlyForDeploymentPostprocessing = 0;
		};
/* End PBXResourcesBuildPhase section */

/* Begin PBXShellScriptBuildPhase section */
		3B6BFA390D50FB65C4F4AE79 /* [CP] Embed Pods Frameworks */ = {
			isa = PBXShellScriptBuildPhase;
			buildActionMask = 2147483647;
			files = (
			);
			inputFileListPaths = (
				"${PODS_ROOT}/Target Support Files/Pods-RxSwift_Observables/Pods-RxSwift_Observables-frameworks-${CONFIGURATION}-input-files.xcfilelist",
			);
			name = "[CP] Embed Pods Frameworks";
			outputFileListPaths = (
				"${PODS_ROOT}/Target Support Files/Pods-RxSwift_Observables/Pods-RxSwift_Observables-frameworks-${CONFIGURATION}-output-files.xcfilelist",
			);
			runOnlyForDeploymentPostprocessing = 0;
			shellPath = /bin/sh;
			shellScript = "\"${PODS_ROOT}/Target Support Files/Pods-RxSwift_Observables/Pods-RxSwift_Observables-frameworks.sh\"\n";
			showEnvVarsInLog = 0;
		};
		AE26A41CA7292173DFAE30E8 /* [CP] Check Pods Manifest.lock */ = {
			isa = PBXShellScriptBuildPhase;
			buildActionMask = 2147483647;
			files = (
			);
			inputFileListPaths = (
			);
			inputPaths = (
				"${PODS_PODFILE_DIR_PATH}/Podfile.lock",
				"${PODS_ROOT}/Manifest.lock",
			);
			name = "[CP] Check Pods Manifest.lock";
			outputFileListPaths = (
			);
			outputPaths = (
				"$(DERIVED_FILE_DIR)/Pods-RxSwift_Observables-checkManifestLockResult.txt",
			);
			runOnlyForDeploymentPostprocessing = 0;
			shellPath = /bin/sh;
			shellScript = "diff \"${PODS_PODFILE_DIR_PATH}/Podfile.lock\" \"${PODS_ROOT}/Manifest.lock\" > /dev/null\nif [ $? != 0 ] ; then\n    # print error to STDERR\n    echo \"error: The sandbox is not in sync with the Podfile.lock. Run 'pod install' or update your CocoaPods installation.\" >&2\n    exit 1\nfi\n# This output is used by Xcode 'outputs' to avoid re-running this script phase.\necho \"SUCCESS\" > \"${SCRIPT_OUTPUT_FILE_0}\"\n";
			showEnvVarsInLog = 0;
		};
/* End PBXShellScriptBuildPhase section */

/* Begin PBXSourcesBuildPhase section */
		FAF7C2EA27CF026B00A7F73A /* Sources */ = {
			isa = PBXSourcesBuildPhase;
			buildActionMask = 2147483647;
			files = (
				FAF7C2F627CF026B00A7F73A /* ViewController.swift in Sources */,
				FAF7C2F227CF026B00A7F73A /* AppDelegate.swift in Sources */,
				FAF7C2F427CF026B00A7F73A /* SceneDelegate.swift in Sources */,
			);
			runOnlyForDeploymentPostprocessing = 0;
		};
/* End PBXSourcesBuildPhase section */

/* Begin PBXVariantGroup section */
		FAF7C2F727CF026B00A7F73A /* Main.storyboard */ = {
			isa = PBXVariantGroup;
			children = (
				FAF7C2F827CF026B00A7F73A /* Base */,
			);
			name = Main.storyboard;
			sourceTree = "<group>";
		};
		FAF7C2FC27CF026E00A7F73A /* LaunchScreen.storyboard */ = {
			isa = PBXVariantGroup;
			children = (
				FAF7C2FD27CF026E00A7F73A /* Base */,
			);
			name = LaunchScreen.storyboard;
			sourceTree = "<group>";
		};
/* End PBXVariantGroup section */

/* Begin XCBuildConfiguration section */
		FAF7C30027CF026E00A7F73A /* Debug */ = {
			isa = XCBuildConfiguration;
			buildSettings = {
				ALWAYS_SEARCH_USER_PATHS = NO;
				CLANG_ANALYZER_NONNULL = YES;
				CLANG_ANALYZER_NUMBER_OBJECT_CONVERSION = YES_AGGRESSIVE;
				CLANG_CXX_LANGUAGE_STANDARD = "gnu++17";
				CLANG_CXX_LIBRARY = "libc++";
				CLANG_ENABLE_MODULES = YES;
				CLANG_ENABLE_OBJC_ARC = YES;
				CLANG_ENABLE_OBJC_WEAK = YES;
				CLANG_WARN_BLOCK_CAPTURE_AUTORELEASING = YES;
				CLANG_WARN_BOOL_CONVERSION = YES;
				CLANG_WARN_COMMA = YES;
				CLANG_WARN_CONSTANT_CONVERSION = YES;
				CLANG_WARN_DEPRECATED_OBJC_IMPLEMENTATIONS = YES;
				CLANG_WARN_DIRECT_OBJC_ISA_USAGE = YES_ERROR;
				CLANG_WARN_DOCUMENTATION_COMMENTS = YES;
				CLANG_WARN_EMPTY_BODY = YES;
				CLANG_WARN_ENUM_CONVERSION = YES;
				CLANG_WARN_INFINITE_RECURSION = YES;
				CLANG_WARN_INT_CONVERSION = YES;
				CLANG_WARN_NON_LITERAL_NULL_CONVERSION = YES;
				CLANG_WARN_OBJC_IMPLICIT_RETAIN_SELF = YES;
				CLANG_WARN_OBJC_LITERAL_CONVERSION = YES;
				CLANG_WARN_OBJC_ROOT_CLASS = YES_ERROR;
				CLANG_WARN_QUOTED_INCLUDE_IN_FRAMEWORK_HEADER = YES;
				CLANG_WARN_RANGE_LOOP_ANALYSIS = YES;
				CLANG_WARN_STRICT_PROTOTYPES = YES;
				CLANG_WARN_SUSPICIOUS_MOVE = YES;
				CLANG_WARN_UNGUARDED_AVAILABILITY = YES_AGGRESSIVE;
				CLANG_WARN_UNREACHABLE_CODE = YES;
				CLANG_WARN__DUPLICATE_METHOD_MATCH = YES;
				COPY_PHASE_STRIP = NO;
				DEBUG_INFORMATION_FORMAT = dwarf;
				ENABLE_STRICT_OBJC_MSGSEND = YES;
				ENABLE_TESTABILITY = YES;
				GCC_C_LANGUAGE_STANDARD = gnu11;
				GCC_DYNAMIC_NO_PIC = NO;
				GCC_NO_COMMON_BLOCKS = YES;
				GCC_OPTIMIZATION_LEVEL = 0;
				GCC_PREPROCESSOR_DEFINITIONS = (
					"DEBUG=1",
					"$(inherited)",
				);
				GCC_WARN_64_TO_32_BIT_CONVERSION = YES;
				GCC_WARN_ABOUT_RETURN_TYPE = YES_ERROR;
				GCC_WARN_UNDECLARED_SELECTOR = YES;
				GCC_WARN_UNINITIALIZED_AUTOS = YES_AGGRESSIVE;
				GCC_WARN_UNUSED_FUNCTION = YES;
				GCC_WARN_UNUSED_VARIABLE = YES;
				IPHONEOS_DEPLOYMENT_TARGET = 15.2;
				MTL_ENABLE_DEBUG_INFO = INCLUDE_SOURCE;
				MTL_FAST_MATH = YES;
				ONLY_ACTIVE_ARCH = YES;
				SDKROOT = iphoneos;
				SWIFT_ACTIVE_COMPILATION_CONDITIONS = DEBUG;
				SWIFT_OPTIMIZATION_LEVEL = "-Onone";
			};
			name = Debug;
		};
		FAF7C30127CF026E00A7F73A /* Release */ = {
			isa = XCBuildConfiguration;
			buildSettings = {
				ALWAYS_SEARCH_USER_PATHS = NO;
				CLANG_ANALYZER_NONNULL = YES;
				CLANG_ANALYZER_NUMBER_OBJECT_CONVERSION = YES_AGGRESSIVE;
				CLANG_CXX_LANGUAGE_STANDARD = "gnu++17";
				CLANG_CXX_LIBRARY = "libc++";
				CLANG_ENABLE_MODULES = YES;
				CLANG_ENABLE_OBJC_ARC = YES;
				CLANG_ENABLE_OBJC_WEAK = YES;
				CLANG_WARN_BLOCK_CAPTURE_AUTORELEASING = YES;
				CLANG_WARN_BOOL_CONVERSION = YES;
				CLANG_WARN_COMMA = YES;
				CLANG_WARN_CONSTANT_CONVERSION = YES;
				CLANG_WARN_DEPRECATED_OBJC_IMPLEMENTATIONS = YES;
				CLANG_WARN_DIRECT_OBJC_ISA_USAGE = YES_ERROR;
				CLANG_WARN_DOCUMENTATION_COMMENTS = YES;
				CLANG_WARN_EMPTY_BODY = YES;
				CLANG_WARN_ENUM_CONVERSION = YES;
				CLANG_WARN_INFINITE_RECURSION = YES;
				CLANG_WARN_INT_CONVERSION = YES;
				CLANG_WARN_NON_LITERAL_NULL_CONVERSION = YES;
				CLANG_WARN_OBJC_IMPLICIT_RETAIN_SELF = YES;
				CLANG_WARN_OBJC_LITERAL_CONVERSION = YES;
				CLANG_WARN_OBJC_ROOT_CLASS = YES_ERROR;
				CLANG_WARN_QUOTED_INCLUDE_IN_FRAMEWORK_HEADER = YES;
				CLANG_WARN_RANGE_LOOP_ANALYSIS = YES;
				CLANG_WARN_STRICT_PROTOTYPES = YES;
				CLANG_WARN_SUSPICIOUS_MOVE = YES;
				CLANG_WARN_UNGUARDED_AVAILABILITY = YES_AGGRESSIVE;
				CLANG_WARN_UNREACHABLE_CODE = YES;
				CLANG_WARN__DUPLICATE_METHOD_MATCH = YES;
				COPY_PHASE_STRIP = NO;
				DEBUG_INFORMATION_FORMAT = "dwarf-with-dsym";
				ENABLE_NS_ASSERTIONS = NO;
				ENABLE_STRICT_OBJC_MSGSEND = YES;
				GCC_C_LANGUAGE_STANDARD = gnu11;
				GCC_NO_COMMON_BLOCKS = YES;
				GCC_WARN_64_TO_32_BIT_CONVERSION = YES;
				GCC_WARN_ABOUT_RETURN_TYPE = YES_ERROR;
				GCC_WARN_UNDECLARED_SELECTOR = YES;
				GCC_WARN_UNINITIALIZED_AUTOS = YES_AGGRESSIVE;
				GCC_WARN_UNUSED_FUNCTION = YES;
				GCC_WARN_UNUSED_VARIABLE = YES;
				IPHONEOS_DEPLOYMENT_TARGET = 15.2;
				MTL_ENABLE_DEBUG_INFO = NO;
				MTL_FAST_MATH = YES;
				SDKROOT = iphoneos;
				SWIFT_COMPILATION_MODE = wholemodule;
				SWIFT_OPTIMIZATION_LEVEL = "-O";
				VALIDATE_PRODUCT = YES;
			};
			name = Release;
		};
		FAF7C30327CF026E00A7F73A /* Debug */ = {
			isa = XCBuildConfiguration;
			baseConfigurationReference = 181BC536A829A092B141AC8D /* Pods-RxSwift_Observables.debug.xcconfig */;
			buildSettings = {
				ASSETCATALOG_COMPILER_APPICON_NAME = AppIcon;
				ASSETCATALOG_COMPILER_GLOBAL_ACCENT_COLOR_NAME = AccentColor;
				CODE_SIGN_STYLE = Automatic;
				CURRENT_PROJECT_VERSION = 1;
				DEVELOPMENT_TEAM = L6YTZ869ZY;
				GENERATE_INFOPLIST_FILE = YES;
				INFOPLIST_FILE = RxSwift_Observables/Info.plist;
				INFOPLIST_KEY_UIApplicationSupportsIndirectInputEvents = YES;
				INFOPLIST_KEY_UILaunchStoryboardName = LaunchScreen;
				INFOPLIST_KEY_UIMainStoryboardFile = Main;
				INFOPLIST_KEY_UISupportedInterfaceOrientations_iPad = "UIInterfaceOrientationPortrait UIInterfaceOrientationPortraitUpsideDown UIInterfaceOrientationLandscapeLeft UIInterfaceOrientationLandscapeRight";
				INFOPLIST_KEY_UISupportedInterfaceOrientations_iPhone = "UIInterfaceOrientationPortrait UIInterfaceOrientationLandscapeLeft UIInterfaceOrientationLandscapeRight";
				LD_RUNPATH_SEARCH_PATHS = (
					"$(inherited)",
					"@executable_path/Frameworks",
				);
				MARKETING_VERSION = 1.0;
				PRODUCT_BUNDLE_IDENTIFIER = "ticklecode.RxSwift-Observables";
				PRODUCT_NAME = "$(TARGET_NAME)";
				SWIFT_EMIT_LOC_STRINGS = YES;
				SWIFT_VERSION = 5.0;
				TARGETED_DEVICE_FAMILY = "1,2";
			};
			name = Debug;
		};
		FAF7C30427CF026E00A7F73A /* Release */ = {
			isa = XCBuildConfiguration;
			baseConfigurationReference = A1B17E95984F3884990BA77B /* Pods-RxSwift_Observables.release.xcconfig */;
			buildSettings = {
				ASSETCATALOG_COMPILER_APPICON_NAME = AppIcon;
				ASSETCATALOG_COMPILER_GLOBAL_ACCENT_COLOR_NAME = AccentColor;
				CODE_SIGN_STYLE = Automatic;
				CURRENT_PROJECT_VERSION = 1;
				DEVELOPMENT_TEAM = L6YTZ869ZY;
				GENERATE_INFOPLIST_FILE = YES;
				INFOPLIST_FILE = RxSwift_Observables/Info.plist;
				INFOPLIST_KEY_UIApplicationSupportsIndirectInputEvents = YES;
				INFOPLIST_KEY_UILaunchStoryboardName = LaunchScreen;
				INFOPLIST_KEY_UIMainStoryboardFile = Main;
				INFOPLIST_KEY_UISupportedInterfaceOrientations_iPad = "UIInterfaceOrientationPortrait UIInterfaceOrientationPortraitUpsideDown UIInterfaceOrientationLandscapeLeft UIInterfaceOrientationLandscapeRight";
				INFOPLIST_KEY_UISupportedInterfaceOrientations_iPhone = "UIInterfaceOrientationPortrait UIInterfaceOrientationLandscapeLeft UIInterfaceOrientationLandscapeRight";
				LD_RUNPATH_SEARCH_PATHS = (
					"$(inherited)",
					"@executable_path/Frameworks",
				);
				MARKETING_VERSION = 1.0;
				PRODUCT_BUNDLE_IDENTIFIER = "ticklecode.RxSwift-Observables";
				PRODUCT_NAME = "$(TARGET_NAME)";
				SWIFT_EMIT_LOC_STRINGS = YES;
				SWIFT_VERSION = 5.0;
				TARGETED_DEVICE_FAMILY = "1,2";
			};
			name = Release;
		};
/* End XCBuildConfiguration section */

/* Begin XCConfigurationList section */
		FAF7C2E927CF026B00A7F73A /* Build configuration list for PBXProject "RxSwift_Observables" */ = {
			isa = XCConfigurationList;
			buildConfigurations = (
				FAF7C30027CF026E00A7F73A /* Debug */,
				FAF7C30127CF026E00A7F73A /* Release */,
			);
			defaultConfigurationIsVisible = 0;
			defaultConfigurationName = Release;
		};
		FAF7C30227CF026E00A7F73A /* Build configuration list for PBXNativeTarget "RxSwift_Observables" */ = {
			isa = XCConfigurationList;
			buildConfigurations = (
				FAF7C30327CF026E00A7F73A /* Debug */,
				FAF7C30427CF026E00A7F73A /* Release */,
			);
			defaultConfigurationIsVisible = 0;
			defaultConfigurationName = Release;
		};
/* End XCConfigurationList section */
	};
	rootObject = FAF7C2E627CF026B00A7F73A /* Project object */;
}
