// !$*UTF8*$!
{
	archiveVersion = 1;
	classes = {
	};
	objectVersion = 55;
	objects = {

/* Begin PBXBuildFile section */
		FE2A404F27ADFBF000E92B24 /* SwiftUIFirebaseAuthenticationApp.swift in Sources */ = {isa = PBXBuildFile; fileRef = FE2A404E27ADFBF000E92B24 /* SwiftUIFirebaseAuthenticationApp.swift */; };
		FE2A405127ADFBF000E92B24 /* ContentView.swift in Sources */ = {isa = PBXBuildFile; fileRef = FE2A405027ADFBF000E92B24 /* ContentView.swift */; };
		FE2A405327ADFBF200E92B24 /* Assets.xcassets in Resources */ = {isa = PBXBuildFile; fileRef = FE2A405227ADFBF200E92B24 /* Assets.xcassets */; };
		FE2A405627ADFBF200E92B24 /* Preview Assets.xcassets in Resources */ = {isa = PBXBuildFile; fileRef = FE2A405527ADFBF200E92B24 /* Preview Assets.xcassets */; };
		FE2A405D27ADFC0D00E92B24 /* GoogleService-Info.plist in Resources */ = {isa = PBXBuildFile; fileRef = FE2A405C27ADFC0D00E92B24 /* GoogleService-Info.plist */; };
		FE2A406327ADFF8900E92B24 /* .swiftlint.yml in Resources */ = {isa = PBXBuildFile; fileRef = FE2A406227ADFF8900E92B24 /* .swiftlint.yml */; };
		FE2A406927AE2E7B00E92B24 /* FirebaseAuthStateManager.swift in Sources */ = {isa = PBXBuildFile; fileRef = FE2A406827AE2E7B00E92B24 /* FirebaseAuthStateManager.swift */; };
		FE2A406B27AE304A00E92B24 /* FirebaseUIView.swift in Sources */ = {isa = PBXBuildFile; fileRef = FE2A406A27AE304A00E92B24 /* FirebaseUIView.swift */; };
/* End PBXBuildFile section */

/* Begin PBXFileReference section */
		FE2A404B27ADFBF000E92B24 /* SwiftUIFirebaseAuthentication.app */ = {isa = PBXFileReference; explicitFileType = wrapper.application; includeInIndex = 0; path = SwiftUIFirebaseAuthentication.app; sourceTree = BUILT_PRODUCTS_DIR; };
		FE2A404E27ADFBF000E92B24 /* SwiftUIFirebaseAuthenticationApp.swift */ = {isa = PBXFileReference; lastKnownFileType = sourcecode.swift; path = SwiftUIFirebaseAuthenticationApp.swift; sourceTree = "<group>"; };
		FE2A405027ADFBF000E92B24 /* ContentView.swift */ = {isa = PBXFileReference; lastKnownFileType = sourcecode.swift; path = ContentView.swift; sourceTree = "<group>"; };
		FE2A405227ADFBF200E92B24 /* Assets.xcassets */ = {isa = PBXFileReference; lastKnownFileType = folder.assetcatalog; path = Assets.xcassets; sourceTree = "<group>"; };
		FE2A405527ADFBF200E92B24 /* Preview Assets.xcassets */ = {isa = PBXFileReference; lastKnownFileType = folder.assetcatalog; path = "Preview Assets.xcassets"; sourceTree = "<group>"; };
		FE2A405C27ADFC0D00E92B24 /* GoogleService-Info.plist */ = {isa = PBXFileReference; fileEncoding = 4; lastKnownFileType = text.plist.xml; path = "GoogleService-Info.plist"; sourceTree = "<group>"; };
		FE2A406027ADFC3E00E92B24 /* Info.plist */ = {isa = PBXFileReference; lastKnownFileType = text.plist; path = Info.plist; sourceTree = "<group>"; };
		FE2A406227ADFF8900E92B24 /* .swiftlint.yml */ = {isa = PBXFileReference; lastKnownFileType = text.yaml; path = .swiftlint.yml; sourceTree = "<group>"; };
		FE2A406727AE205000E92B24 /* README.md */ = {isa = PBXFileReference; lastKnownFileType = net.daringfireball.markdown; path = README.md; sourceTree = "<group>"; };
		FE2A406827AE2E7B00E92B24 /* FirebaseAuthStateManager.swift */ = {isa = PBXFileReference; lastKnownFileType = sourcecode.swift; path = FirebaseAuthStateManager.swift; sourceTree = "<group>"; };
		FE2A406A27AE304A00E92B24 /* FirebaseUIView.swift */ = {isa = PBXFileReference; lastKnownFileType = sourcecode.swift; path = FirebaseUIView.swift; sourceTree = "<group>"; };
/* End PBXFileReference section */

/* Begin PBXFrameworksBuildPhase section */
		FE2A404827ADFBF000E92B24 /* Frameworks */ = {
			isa = PBXFrameworksBuildPhase;
			buildActionMask = 2147483647;
			files = (
			);
			runOnlyForDeploymentPostprocessing = 0;
		};
/* End PBXFrameworksBuildPhase section */

/* Begin PBXGroup section */
		FE2A404227ADFBF000E92B24 = {
			isa = PBXGroup;
			children = (
				FE2A404D27ADFBF000E92B24 /* SwiftUIFirebaseAuthentication */,
				FE2A404C27ADFBF000E92B24 /* Products */,
			);
			sourceTree = "<group>";
		};
		FE2A404C27ADFBF000E92B24 /* Products */ = {
			isa = PBXGroup;
			children = (
				FE2A404B27ADFBF000E92B24 /* SwiftUIFirebaseAuthentication.app */,
			);
			name = Products;
			sourceTree = "<group>";
		};
		FE2A404D27ADFBF000E92B24 /* SwiftUIFirebaseAuthentication */ = {
			isa = PBXGroup;
			children = (
				FE2A406027ADFC3E00E92B24 /* Info.plist */,
				FE2A405C27ADFC0D00E92B24 /* GoogleService-Info.plist */,
				FE2A406227ADFF8900E92B24 /* .swiftlint.yml */,
				FE2A404E27ADFBF000E92B24 /* SwiftUIFirebaseAuthenticationApp.swift */,
				FE2A405F27ADFC2000E92B24 /* ViewModel */,
				FE2A405E27ADFC1300E92B24 /* View */,
				FE2A405227ADFBF200E92B24 /* Assets.xcassets */,
				FE2A405427ADFBF200E92B24 /* Preview Content */,
				FE2A406727AE205000E92B24 /* README.md */,
			);
			path = SwiftUIFirebaseAuthentication;
			sourceTree = "<group>";
		};
		FE2A405427ADFBF200E92B24 /* Preview Content */ = {
			isa = PBXGroup;
			children = (
				FE2A405527ADFBF200E92B24 /* Preview Assets.xcassets */,
			);
			path = "Preview Content";
			sourceTree = "<group>";
		};
		FE2A405E27ADFC1300E92B24 /* View */ = {
			isa = PBXGroup;
			children = (
				FE2A405027ADFBF000E92B24 /* ContentView.swift */,
				FE2A406A27AE304A00E92B24 /* FirebaseUIView.swift */,
			);
			path = View;
			sourceTree = "<group>";
		};
		FE2A405F27ADFC2000E92B24 /* ViewModel */ = {
			isa = PBXGroup;
			children = (
				FE2A406827AE2E7B00E92B24 /* FirebaseAuthStateManager.swift */,
			);
			path = ViewModel;
			sourceTree = "<group>";
		};
/* End PBXGroup section */

/* Begin PBXNativeTarget section */
		FE2A404A27ADFBF000E92B24 /* SwiftUIFirebaseAuthentication */ = {
			isa = PBXNativeTarget;
			buildConfigurationList = FE2A405927ADFBF200E92B24 /* Build configuration list for PBXNativeTarget "SwiftUIFirebaseAuthentication" */;
			buildPhases = (
				FE2A404727ADFBF000E92B24 /* Sources */,
				FE2A404827ADFBF000E92B24 /* Frameworks */,
				FE2A404927ADFBF000E92B24 /* Resources */,
				FE2A406127ADFE9E00E92B24 /* Run Script */,
			);
			buildRules = (
			);
			dependencies = (
			);
			name = SwiftUIFirebaseAuthentication;
			packageProductDependencies = (
			);
			productName = SwiftUIFirebaseAuthentication;
			productReference = FE2A404B27ADFBF000E92B24 /* SwiftUIFirebaseAuthentication.app */;
			productType = "com.apple.product-type.application";
		};
/* End PBXNativeTarget section */

/* Begin PBXProject section */
		FE2A404327ADFBF000E92B24 /* Project object */ = {
			isa = PBXProject;
			attributes = {
				BuildIndependentTargetsInParallel = 1;
				LastSwiftUpdateCheck = 1320;
				LastUpgradeCheck = 1320;
				TargetAttributes = {
					FE2A404A27ADFBF000E92B24 = {
						CreatedOnToolsVersion = 13.2.1;
					};
				};
			};
			buildConfigurationList = FE2A404627ADFBF000E92B24 /* Build configuration list for PBXProject "SwiftUIFirebaseAuthentication" */;
			compatibilityVersion = "Xcode 13.0";
			developmentRegion = en;
			hasScannedForEncodings = 0;
			knownRegions = (
				en,
				Base,
			);
			mainGroup = FE2A404227ADFBF000E92B24;
			packageReferences = (
			);
			productRefGroup = FE2A404C27ADFBF000E92B24 /* Products */;
			projectDirPath = "";
			projectRoot = "";
			targets = (
				FE2A404A27ADFBF000E92B24 /* SwiftUIFirebaseAuthentication */,
			);
		};
/* End PBXProject section */

/* Begin PBXResourcesBuildPhase section */
		FE2A404927ADFBF000E92B24 /* Resources */ = {
			isa = PBXResourcesBuildPhase;
			buildActionMask = 2147483647;
			files = (
				FE2A406327ADFF8900E92B24 /* .swiftlint.yml in Resources */,
				FE2A405627ADFBF200E92B24 /* Preview Assets.xcassets in Resources */,
				FE2A405327ADFBF200E92B24 /* Assets.xcassets in Resources */,
				FE2A405D27ADFC0D00E92B24 /* GoogleService-Info.plist in Resources */,
			);
			runOnlyForDeploymentPostprocessing = 0;
		};
/* End PBXResourcesBuildPhase section */

/* Begin PBXShellScriptBuildPhase section */
		FE2A406127ADFE9E00E92B24 /* Run Script */ = {
			isa = PBXShellScriptBuildPhase;
			buildActionMask = 2147483647;
			files = (
			);
			inputFileListPaths = (
			);
			inputPaths = (
			);
			name = "Run Script";
			outputFileListPaths = (
			);
			outputPaths = (
			);
			runOnlyForDeploymentPostprocessing = 0;
			shellPath = /bin/sh;
			shellScript = "# Type a script or drag a script file from your workspace to insert its path.\nexport PATH=\"$PATH:/opt/homebrew/bin\"\n\nif which swiftlint; then\n    swiftlint\nelse\n  echo \"warning: SwiftLint not installed, download from https://github.com/realm/SwiftLint\"\nfi\n";
		};
/* End PBXShellScriptBuildPhase section */

/* Begin PBXSourcesBuildPhase section */
		FE2A404727ADFBF000E92B24 /* Sources */ = {
			isa = PBXSourcesBuildPhase;
			buildActionMask = 2147483647;
			files = (
				FE2A405127ADFBF000E92B24 /* ContentView.swift in Sources */,
				FE2A406B27AE304A00E92B24 /* FirebaseUIView.swift in Sources */,
				FE2A404F27ADFBF000E92B24 /* SwiftUIFirebaseAuthenticationApp.swift in Sources */,
				FE2A406927AE2E7B00E92B24 /* FirebaseAuthStateManager.swift in Sources */,
			);
			runOnlyForDeploymentPostprocessing = 0;
		};
/* End PBXSourcesBuildPhase section */

/* Begin XCBuildConfiguration section */
		FE2A405727ADFBF200E92B24 /* Debug */ = {
			isa = XCBuildConfiguration;
			buildSettings = {
				ALWAYS_SEARCH_USER_PATHS = NO;
				CLANG_ANALYZER_NONNULL = YES;
				CLANG_ANALYZER_NUMBER_OBJECT_CONVERSION = YES_AGGRESSIVE;
				CLANG_CXX_LANGUAGE_STANDARD = "gnu++17";
				CLANG_CXX_LIBRARY = "libc++";
				CLANG_ENABLE_MODULES = YES;
				CLANG_ENABLE_OBJC_ARC = YES;
				CLANG_ENABLE_OBJC_WEAK = YES;
				CLANG_WARN_BLOCK_CAPTURE_AUTORELEASING = YES;
				CLANG_WARN_BOOL_CONVERSION = YES;
				CLANG_WARN_COMMA = YES;
				CLANG_WARN_CONSTANT_CONVERSION = YES;
				CLANG_WARN_DEPRECATED_OBJC_IMPLEMENTATIONS = YES;
				CLANG_WARN_DIRECT_OBJC_ISA_USAGE = YES_ERROR;
				CLANG_WARN_DOCUMENTATION_COMMENTS = YES;
				CLANG_WARN_EMPTY_BODY = YES;
				CLANG_WARN_ENUM_CONVERSION = YES;
				CLANG_WARN_INFINITE_RECURSION = YES;
				CLANG_WARN_INT_CONVERSION = YES;
				CLANG_WARN_NON_LITERAL_NULL_CONVERSION = YES;
				CLANG_WARN_OBJC_IMPLICIT_RETAIN_SELF = YES;
				CLANG_WARN_OBJC_LITERAL_CONVERSION = YES;
				CLANG_WARN_OBJC_ROOT_CLASS = YES_ERROR;
				CLANG_WARN_QUOTED_INCLUDE_IN_FRAMEWORK_HEADER = YES;
				CLANG_WARN_RANGE_LOOP_ANALYSIS = YES;
				CLANG_WARN_STRICT_PROTOTYPES = YES;
				CLANG_WARN_SUSPICIOUS_MOVE = YES;
				CLANG_WARN_UNGUARDED_AVAILABILITY = YES_AGGRESSIVE;
				CLANG_WARN_UNREACHABLE_CODE = YES;
				CLANG_WARN__DUPLICATE_METHOD_MATCH = YES;
				COPY_PHASE_STRIP = NO;
				DEBUG_INFORMATION_FORMAT = dwarf;
				ENABLE_STRICT_OBJC_MSGSEND = YES;
				ENABLE_TESTABILITY = YES;
				GCC_C_LANGUAGE_STANDARD = gnu11;
				GCC_DYNAMIC_NO_PIC = NO;
				GCC_NO_COMMON_BLOCKS = YES;
				GCC_OPTIMIZATION_LEVEL = 0;
				GCC_PREPROCESSOR_DEFINITIONS = (
					"DEBUG=1",
					"$(inherited)",
				);
				GCC_WARN_64_TO_32_BIT_CONVERSION = YES;
				GCC_WARN_ABOUT_RETURN_TYPE = YES_ERROR;
				GCC_WARN_UNDECLARED_SELECTOR = YES;
				GCC_WARN_UNINITIALIZED_AUTOS = YES_AGGRESSIVE;
				GCC_WARN_UNUSED_FUNCTION = YES;
				GCC_WARN_UNUSED_VARIABLE = YES;
				IPHONEOS_DEPLOYMENT_TARGET = 15.2;
				MTL_ENABLE_DEBUG_INFO = INCLUDE_SOURCE;
				MTL_FAST_MATH = YES;
				ONLY_ACTIVE_ARCH = YES;
				SDKROOT = iphoneos;
				SWIFT_ACTIVE_COMPILATION_CONDITIONS = DEBUG;
				SWIFT_OPTIMIZATION_LEVEL = "-Onone";
			};
			name = Debug;
		};
		FE2A405827ADFBF200E92B24 /* Release */ = {
			isa = XCBuildConfiguration;
			buildSettings = {
				ALWAYS_SEARCH_USER_PATHS = NO;
				CLANG_ANALYZER_NONNULL = YES;
				CLANG_ANALYZER_NUMBER_OBJECT_CONVERSION = YES_AGGRESSIVE;
				CLANG_CXX_LANGUAGE_STANDARD = "gnu++17";
				CLANG_CXX_LIBRARY = "libc++";
				CLANG_ENABLE_MODULES = YES;
				CLANG_ENABLE_OBJC_ARC = YES;
				CLANG_ENABLE_OBJC_WEAK = YES;
				CLANG_WARN_BLOCK_CAPTURE_AUTORELEASING = YES;
				CLANG_WARN_BOOL_CONVERSION = YES;
				CLANG_WARN_COMMA = YES;
				CLANG_WARN_CONSTANT_CONVERSION = YES;
				CLANG_WARN_DEPRECATED_OBJC_IMPLEMENTATIONS = YES;
				CLANG_WARN_DIRECT_OBJC_ISA_USAGE = YES_ERROR;
				CLANG_WARN_DOCUMENTATION_COMMENTS = YES;
				CLANG_WARN_EMPTY_BODY = YES;
				CLANG_WARN_ENUM_CONVERSION = YES;
				CLANG_WARN_INFINITE_RECURSION = YES;
				CLANG_WARN_INT_CONVERSION = YES;
				CLANG_WARN_NON_LITERAL_NULL_CONVERSION = YES;
				CLANG_WARN_OBJC_IMPLICIT_RETAIN_SELF = YES;
				CLANG_WARN_OBJC_LITERAL_CONVERSION = YES;
				CLANG_WARN_OBJC_ROOT_CLASS = YES_ERROR;
				CLANG_WARN_QUOTED_INCLUDE_IN_FRAMEWORK_HEADER = YES;
				CLANG_WARN_RANGE_LOOP_ANALYSIS = YES;
				CLANG_WARN_STRICT_PROTOTYPES = YES;
				CLANG_WARN_SUSPICIOUS_MOVE = YES;
				CLANG_WARN_UNGUARDED_AVAILABILITY = YES_AGGRESSIVE;
				CLANG_WARN_UNREACHABLE_CODE = YES;
				CLANG_WARN__DUPLICATE_METHOD_MATCH = YES;
				COPY_PHASE_STRIP = NO;
				DEBUG_INFORMATION_FORMAT = "dwarf-with-dsym";
				ENABLE_NS_ASSERTIONS = NO;
				ENABLE_STRICT_OBJC_MSGSEND = YES;
				GCC_C_LANGUAGE_STANDARD = gnu11;
				GCC_NO_COMMON_BLOCKS = YES;
				GCC_WARN_64_TO_32_BIT_CONVERSION = YES;
				GCC_WARN_ABOUT_RETURN_TYPE = YES_ERROR;
				GCC_WARN_UNDECLARED_SELECTOR = YES;
				GCC_WARN_UNINITIALIZED_AUTOS = YES_AGGRESSIVE;
				GCC_WARN_UNUSED_FUNCTION = YES;
				GCC_WARN_UNUSED_VARIABLE = YES;
				IPHONEOS_DEPLOYMENT_TARGET = 15.2;
				MTL_ENABLE_DEBUG_INFO = NO;
				MTL_FAST_MATH = YES;
				SDKROOT = iphoneos;
				SWIFT_COMPILATION_MODE = wholemodule;
				SWIFT_OPTIMIZATION_LEVEL = "-O";
				VALIDATE_PRODUCT = YES;
			};
			name = Release;
		};
		FE2A405A27ADFBF200E92B24 /* Debug */ = {
			isa = XCBuildConfiguration;
			buildSettings = {
				ASSETCATALOG_COMPILER_APPICON_NAME = AppIcon;
				ASSETCATALOG_COMPILER_GLOBAL_ACCENT_COLOR_NAME = AccentColor;
				CODE_SIGN_STYLE = Automatic;
				CURRENT_PROJECT_VERSION = 1;
				DEVELOPMENT_ASSET_PATHS = "\"SwiftUIFirebaseAuthentication/Preview Content\"";
				DEVELOPMENT_TEAM = 69U32QXGLT;
				ENABLE_PREVIEWS = YES;
				GENERATE_INFOPLIST_FILE = YES;
				INFOPLIST_FILE = SwiftUIFirebaseAuthentication/Info.plist;
				INFOPLIST_KEY_UIApplicationSceneManifest_Generation = YES;
				INFOPLIST_KEY_UIApplicationSupportsIndirectInputEvents = YES;
				INFOPLIST_KEY_UILaunchScreen_Generation = YES;
				INFOPLIST_KEY_UISupportedInterfaceOrientations_iPad = "UIInterfaceOrientationPortrait UIInterfaceOrientationPortraitUpsideDown UIInterfaceOrientationLandscapeLeft UIInterfaceOrientationLandscapeRight";
				INFOPLIST_KEY_UISupportedInterfaceOrientations_iPhone = "UIInterfaceOrientationPortrait UIInterfaceOrientationLandscapeLeft UIInterfaceOrientationLandscapeRight";
				LD_RUNPATH_SEARCH_PATHS = (
					"$(inherited)",
					"@executable_path/Frameworks",
				);
				MARKETING_VERSION = 1.0;
				PRODUCT_BUNDLE_IDENTIFIER = "Swift-Beginners.SwiftUIFirebaseAuthentication";
				PRODUCT_NAME = "$(TARGET_NAME)";
				SWIFT_EMIT_LOC_STRINGS = YES;
				SWIFT_VERSION = 5.0;
				TARGETED_DEVICE_FAMILY = "1,2";
			};
			name = Debug;
		};
		FE2A405B27ADFBF200E92B24 /* Release */ = {
			isa = XCBuildConfiguration;
			buildSettings = {
				ASSETCATALOG_COMPILER_APPICON_NAME = AppIcon;
				ASSETCATALOG_COMPILER_GLOBAL_ACCENT_COLOR_NAME = AccentColor;
				CODE_SIGN_STYLE = Automatic;
				CURRENT_PROJECT_VERSION = 1;
				DEVELOPMENT_ASSET_PATHS = "\"SwiftUIFirebaseAuthentication/Preview Content\"";
				DEVELOPMENT_TEAM = 69U32QXGLT;
				ENABLE_PREVIEWS = YES;
				GENERATE_INFOPLIST_FILE = YES;
				INFOPLIST_FILE = SwiftUIFirebaseAuthentication/Info.plist;
				INFOPLIST_KEY_UIApplicationSceneManifest_Generation = YES;
				INFOPLIST_KEY_UIApplicationSupportsIndirectInputEvents = YES;
				INFOPLIST_KEY_UILaunchScreen_Generation = YES;
				INFOPLIST_KEY_UISupportedInterfaceOrientations_iPad = "UIInterfaceOrientationPortrait UIInterfaceOrientationPortraitUpsideDown UIInterfaceOrientationLandscapeLeft UIInterfaceOrientationLandscapeRight";
				INFOPLIST_KEY_UISupportedInterfaceOrientations_iPhone = "UIInterfaceOrientationPortrait UIInterfaceOrientationLandscapeLeft UIInterfaceOrientationLandscapeRight";
				LD_RUNPATH_SEARCH_PATHS = (
					"$(inherited)",
					"@executable_path/Frameworks",
				);
				MARKETING_VERSION = 1.0;
				PRODUCT_BUNDLE_IDENTIFIER = "Swift-Beginners.SwiftUIFirebaseAuthentication";
				PRODUCT_NAME = "$(TARGET_NAME)";
				SWIFT_EMIT_LOC_STRINGS = YES;
				SWIFT_VERSION = 5.0;
				TARGETED_DEVICE_FAMILY = "1,2";
			};
			name = Release;
		};
/* End XCBuildConfiguration section */

/* Begin XCConfigurationList section */
		FE2A404627ADFBF000E92B24 /* Build configuration list for PBXProject "SwiftUIFirebaseAuthentication" */ = {
			isa = XCConfigurationList;
			buildConfigurations = (
				FE2A405727ADFBF200E92B24 /* Debug */,
				FE2A405827ADFBF200E92B24 /* Release */,
			);
			defaultConfigurationIsVisible = 0;
			defaultConfigurationName = Release;
		};
		FE2A405927ADFBF200E92B24 /* Build configuration list for PBXNativeTarget "SwiftUIFirebaseAuthentication" */ = {
			isa = XCConfigurationList;
			buildConfigurations = (
				FE2A405A27ADFBF200E92B24 /* Debug */,
				FE2A405B27ADFBF200E92B24 /* Release */,
			);
			defaultConfigurationIsVisible = 0;
			defaultConfigurationName = Release;
		};
/* End XCConfigurationList section */
	};
	rootObject = FE2A404327ADFBF000E92B24 /* Project object */;
}
