// !$*UTF8*$!
{
	archiveVersion = 1;
	classes = {
	};
	objectVersion = 50;
	objects = {

/* Begin PBXBuildFile section */
		FEDBA92924D0E51D00B4985D /* AppDelegate.swift in Sources */ = {isa = PBXBuildFile; fileRef = FEDBA92824D0E51D00B4985D /* AppDelegate.swift */; };
		FEDBA92B24D0E51D00B4985D /* SceneDelegate.swift in Sources */ = {isa = PBXBuildFile; fileRef = FEDBA92A24D0E51D00B4985D /* SceneDelegate.swift */; };
		FEDBA92D24D0E51D00B4985D /* ViewController.swift in Sources */ = {isa = PBXBuildFile; fileRef = FEDBA92C24D0E51D00B4985D /* ViewController.swift */; };
		FEDBA93024D0E51D00B4985D /* Main.storyboard in Resources */ = {isa = PBXBuildFile; fileRef = FEDBA92E24D0E51D00B4985D /* Main.storyboard */; };
		FEDBA93224D0E51E00B4985D /* Assets.xcassets in Resources */ = {isa = PBXBuildFile; fileRef = FEDBA93124D0E51E00B4985D /* Assets.xcassets */; };
		FEDBA93524D0E51E00B4985D /* LaunchScreen.storyboard in Resources */ = {isa = PBXBuildFile; fileRef = FEDBA93324D0E51E00B4985D /* LaunchScreen.storyboard */; };
/* End PBXBuildFile section */

/* Begin PBXFileReference section */
		FEDBA92524D0E51D00B4985D /* TextFieldKeybord.app */ = {isa = PBXFileReference; explicitFileType = wrapper.application; includeInIndex = 0; path = TextFieldKeybord.app; sourceTree = BUILT_PRODUCTS_DIR; };
		FEDBA92824D0E51D00B4985D /* AppDelegate.swift */ = {isa = PBXFileReference; lastKnownFileType = sourcecode.swift; path = AppDelegate.swift; sourceTree = "<group>"; };
		FEDBA92A24D0E51D00B4985D /* SceneDelegate.swift */ = {isa = PBXFileReference; lastKnownFileType = sourcecode.swift; path = SceneDelegate.swift; sourceTree = "<group>"; };
		FEDBA92C24D0E51D00B4985D /* ViewController.swift */ = {isa = PBXFileReference; lastKnownFileType = sourcecode.swift; path = ViewController.swift; sourceTree = "<group>"; };
		FEDBA92F24D0E51D00B4985D /* Base */ = {isa = PBXFileReference; lastKnownFileType = file.storyboard; name = Base; path = Base.lproj/Main.storyboard; sourceTree = "<group>"; };
		FEDBA93124D0E51E00B4985D /* Assets.xcassets */ = {isa = PBXFileReference; lastKnownFileType = folder.assetcatalog; path = Assets.xcassets; sourceTree = "<group>"; };
		FEDBA93424D0E51E00B4985D /* Base */ = {isa = PBXFileReference; lastKnownFileType = file.storyboard; name = Base; path = Base.lproj/LaunchScreen.storyboard; sourceTree = "<group>"; };
		FEDBA93624D0E51E00B4985D /* Info.plist */ = {isa = PBXFileReference; lastKnownFileType = text.plist.xml; path = Info.plist; sourceTree = "<group>"; };
/* End PBXFileReference section */

/* Begin PBXFrameworksBuildPhase section */
		FEDBA92224D0E51D00B4985D /* Frameworks */ = {
			isa = PBXFrameworksBuildPhase;
			buildActionMask = 2147483647;
			files = (
			);
			runOnlyForDeploymentPostprocessing = 0;
		};
/* End PBXFrameworksBuildPhase section */

/* Begin PBXGroup section */
		FEDBA91C24D0E51D00B4985D = {
			isa = PBXGroup;
			children = (
				FEDBA92724D0E51D00B4985D /* TextFieldKeybord */,
				FEDBA92624D0E51D00B4985D /* Products */,
			);
			sourceTree = "<group>";
		};
		FEDBA92624D0E51D00B4985D /* Products */ = {
			isa = PBXGroup;
			children = (
				FEDBA92524D0E51D00B4985D /* TextFieldKeybord.app */,
			);
			name = Products;
			sourceTree = "<group>";
		};
		FEDBA92724D0E51D00B4985D /* TextFieldKeybord */ = {
			isa = PBXGroup;
			children = (
				FEDBA92824D0E51D00B4985D /* AppDelegate.swift */,
				FEDBA92A24D0E51D00B4985D /* SceneDelegate.swift */,
				FEDBA92C24D0E51D00B4985D /* ViewController.swift */,
				FEDBA92E24D0E51D00B4985D /* Main.storyboard */,
				FEDBA93124D0E51E00B4985D /* Assets.xcassets */,
				FEDBA93324D0E51E00B4985D /* LaunchScreen.storyboard */,
				FEDBA93624D0E51E00B4985D /* Info.plist */,
			);
			path = TextFieldKeybord;
			sourceTree = "<group>";
		};
/* End PBXGroup section */

/* Begin PBXNativeTarget section */
		FEDBA92424D0E51D00B4985D /* TextFieldKeybord */ = {
			isa = PBXNativeTarget;
			buildConfigurationList = FEDBA93924D0E51E00B4985D /* Build configuration list for PBXNativeTarget "TextFieldKeybord" */;
			buildPhases = (
				FEDBA92124D0E51D00B4985D /* Sources */,
				FEDBA92224D0E51D00B4985D /* Frameworks */,
				FEDBA92324D0E51D00B4985D /* Resources */,
			);
			buildRules = (
			);
			dependencies = (
			);
			name = TextFieldKeybord;
			productName = TextFieldKeybord;
			productReference = FEDBA92524D0E51D00B4985D /* TextFieldKeybord.app */;
			productType = "com.apple.product-type.application";
		};
/* End PBXNativeTarget section */

/* Begin PBXProject section */
		FEDBA91D24D0E51D00B4985D /* Project object */ = {
			isa = PBXProject;
			attributes = {
				LastSwiftUpdateCheck = 1160;
				LastUpgradeCheck = 1160;
				ORGANIZATIONNAME = "Kobayashi Yoshinori";
				TargetAttributes = {
					FEDBA92424D0E51D00B4985D = {
						CreatedOnToolsVersion = 11.6;
					};
				};
			};
			buildConfigurationList = FEDBA92024D0E51D00B4985D /* Build configuration list for PBXProject "TextFieldKeybord" */;
			compatibilityVersion = "Xcode 9.3";
			developmentRegion = en;
			hasScannedForEncodings = 0;
			knownRegions = (
				en,
				Base,
			);
			mainGroup = FEDBA91C24D0E51D00B4985D;
			productRefGroup = FEDBA92624D0E51D00B4985D /* Products */;
			projectDirPath = "";
			projectRoot = "";
			targets = (
				FEDBA92424D0E51D00B4985D /* TextFieldKeybord */,
			);
		};
/* End PBXProject section */

/* Begin PBXResourcesBuildPhase section */
		FEDBA92324D0E51D00B4985D /* Resources */ = {
			isa = PBXResourcesBuildPhase;
			buildActionMask = 2147483647;
			files = (
				FEDBA93524D0E51E00B4985D /* LaunchScreen.storyboard in Resources */,
				FEDBA93224D0E51E00B4985D /* Assets.xcassets in Resources */,
				FEDBA93024D0E51D00B4985D /* Main.storyboard in Resources */,
			);
			runOnlyForDeploymentPostprocessing = 0;
		};
/* End PBXResourcesBuildPhase section */

/* Begin PBXSourcesBuildPhase section */
		FEDBA92124D0E51D00B4985D /* Sources */ = {
			isa = PBXSourcesBuildPhase;
			buildActionMask = 2147483647;
			files = (
				FEDBA92D24D0E51D00B4985D /* ViewController.swift in Sources */,
				FEDBA92924D0E51D00B4985D /* AppDelegate.swift in Sources */,
				FEDBA92B24D0E51D00B4985D /* SceneDelegate.swift in Sources */,
			);
			runOnlyForDeploymentPostprocessing = 0;
		};
/* End PBXSourcesBuildPhase section */

/* Begin PBXVariantGroup section */
		FEDBA92E24D0E51D00B4985D /* Main.storyboard */ = {
			isa = PBXVariantGroup;
			children = (
				FEDBA92F24D0E51D00B4985D /* Base */,
			);
			name = Main.storyboard;
			sourceTree = "<group>";
		};
		FEDBA93324D0E51E00B4985D /* LaunchScreen.storyboard */ = {
			isa = PBXVariantGroup;
			children = (
				FEDBA93424D0E51E00B4985D /* Base */,
			);
			name = LaunchScreen.storyboard;
			sourceTree = "<group>";
		};
/* End PBXVariantGroup section */

/* Begin XCBuildConfiguration section */
		FEDBA93724D0E51E00B4985D /* Debug */ = {
			isa = XCBuildConfiguration;
			buildSettings = {
				ALWAYS_SEARCH_USER_PATHS = NO;
				CLANG_ANALYZER_NONNULL = YES;
				CLANG_ANALYZER_NUMBER_OBJECT_CONVERSION = YES_AGGRESSIVE;
				CLANG_CXX_LANGUAGE_STANDARD = "gnu++14";
				CLANG_CXX_LIBRARY = "libc++";
				CLANG_ENABLE_MODULES = YES;
				CLANG_ENABLE_OBJC_ARC = YES;
				CLANG_ENABLE_OBJC_WEAK = YES;
				CLANG_WARN_BLOCK_CAPTURE_AUTORELEASING = YES;
				CLANG_WARN_BOOL_CONVERSION = YES;
				CLANG_WARN_COMMA = YES;
				CLANG_WARN_CONSTANT_CONVERSION = YES;
				CLANG_WARN_DEPRECATED_OBJC_IMPLEMENTATIONS = YES;
				CLANG_WARN_DIRECT_OBJC_ISA_USAGE = YES_ERROR;
				CLANG_WARN_DOCUMENTATION_COMMENTS = YES;
				CLANG_WARN_EMPTY_BODY = YES;
				CLANG_WARN_ENUM_CONVERSION = YES;
				CLANG_WARN_INFINITE_RECURSION = YES;
				CLANG_WARN_INT_CONVERSION = YES;
				CLANG_WARN_NON_LITERAL_NULL_CONVERSION = YES;
				CLANG_WARN_OBJC_IMPLICIT_RETAIN_SELF = YES;
				CLANG_WARN_OBJC_LITERAL_CONVERSION = YES;
				CLANG_WARN_OBJC_ROOT_CLASS = YES_ERROR;
				CLANG_WARN_RANGE_LOOP_ANALYSIS = YES;
				CLANG_WARN_STRICT_PROTOTYPES = YES;
				CLANG_WARN_SUSPICIOUS_MOVE = YES;
				CLANG_WARN_UNGUARDED_AVAILABILITY = YES_AGGRESSIVE;
				CLANG_WARN_UNREACHABLE_CODE = YES;
				CLANG_WARN__DUPLICATE_METHOD_MATCH = YES;
				COPY_PHASE_STRIP = NO;
				DEBUG_INFORMATION_FORMAT = dwarf;
				ENABLE_STRICT_OBJC_MSGSEND = YES;
				ENABLE_TESTABILITY = YES;
				GCC_C_LANGUAGE_STANDARD = gnu11;
				GCC_DYNAMIC_NO_PIC = NO;
				GCC_NO_COMMON_BLOCKS = YES;
				GCC_OPTIMIZATION_LEVEL = 0;
				GCC_PREPROCESSOR_DEFINITIONS = (
					"DEBUG=1",
					"$(inherited)",
				);
				GCC_WARN_64_TO_32_BIT_CONVERSION = YES;
				GCC_WARN_ABOUT_RETURN_TYPE = YES_ERROR;
				GCC_WARN_UNDECLARED_SELECTOR = YES;
				GCC_WARN_UNINITIALIZED_AUTOS = YES_AGGRESSIVE;
				GCC_WARN_UNUSED_FUNCTION = YES;
				GCC_WARN_UNUSED_VARIABLE = YES;
				IPHONEOS_DEPLOYMENT_TARGET = 13.6;
				MTL_ENABLE_DEBUG_INFO = INCLUDE_SOURCE;
				MTL_FAST_MATH = YES;
				ONLY_ACTIVE_ARCH = YES;
				SDKROOT = iphoneos;
				SWIFT_ACTIVE_COMPILATION_CONDITIONS = DEBUG;
				SWIFT_OPTIMIZATION_LEVEL = "-Onone";
			};
			name = Debug;
		};
		FEDBA93824D0E51E00B4985D /* Release */ = {
			isa = XCBuildConfiguration;
			buildSettings = {
				ALWAYS_SEARCH_USER_PATHS = NO;
				CLANG_ANALYZER_NONNULL = YES;
				CLANG_ANALYZER_NUMBER_OBJECT_CONVERSION = YES_AGGRESSIVE;
				CLANG_CXX_LANGUAGE_STANDARD = "gnu++14";
				CLANG_CXX_LIBRARY = "libc++";
				CLANG_ENABLE_MODULES = YES;
				CLANG_ENABLE_OBJC_ARC = YES;
				CLANG_ENABLE_OBJC_WEAK = YES;
				CLANG_WARN_BLOCK_CAPTURE_AUTORELEASING = YES;
				CLANG_WARN_BOOL_CONVERSION = YES;
				CLANG_WARN_COMMA = YES;
				CLANG_WARN_CONSTANT_CONVERSION = YES;
				CLANG_WARN_DEPRECATED_OBJC_IMPLEMENTATIONS = YES;
				CLANG_WARN_DIRECT_OBJC_ISA_USAGE = YES_ERROR;
				CLANG_WARN_DOCUMENTATION_COMMENTS = YES;
				CLANG_WARN_EMPTY_BODY = YES;
				CLANG_WARN_ENUM_CONVERSION = YES;
				CLANG_WARN_INFINITE_RECURSION = YES;
				CLANG_WARN_INT_CONVERSION = YES;
				CLANG_WARN_NON_LITERAL_NULL_CONVERSION = YES;
				CLANG_WARN_OBJC_IMPLICIT_RETAIN_SELF = YES;
				CLANG_WARN_OBJC_LITERAL_CONVERSION = YES;
				CLANG_WARN_OBJC_ROOT_CLASS = YES_ERROR;
				CLANG_WARN_RANGE_LOOP_ANALYSIS = YES;
				CLANG_WARN_STRICT_PROTOTYPES = YES;
				CLANG_WARN_SUSPICIOUS_MOVE = YES;
				CLANG_WARN_UNGUARDED_AVAILABILITY = YES_AGGRESSIVE;
				CLANG_WARN_UNREACHABLE_CODE = YES;
				CLANG_WARN__DUPLICATE_METHOD_MATCH = YES;
				COPY_PHASE_STRIP = NO;
				DEBUG_INFORMATION_FORMAT = "dwarf-with-dsym";
				ENABLE_NS_ASSERTIONS = NO;
				ENABLE_STRICT_OBJC_MSGSEND = YES;
				GCC_C_LANGUAGE_STANDARD = gnu11;
				GCC_NO_COMMON_BLOCKS = YES;
				GCC_WARN_64_TO_32_BIT_CONVERSION = YES;
				GCC_WARN_ABOUT_RETURN_TYPE = YES_ERROR;
				GCC_WARN_UNDECLARED_SELECTOR = YES;
				GCC_WARN_UNINITIALIZED_AUTOS = YES_AGGRESSIVE;
				GCC_WARN_UNUSED_FUNCTION = YES;
				GCC_WARN_UNUSED_VARIABLE = YES;
				IPHONEOS_DEPLOYMENT_TARGET = 13.6;
				MTL_ENABLE_DEBUG_INFO = NO;
				MTL_FAST_MATH = YES;
				SDKROOT = iphoneos;
				SWIFT_COMPILATION_MODE = wholemodule;
				SWIFT_OPTIMIZATION_LEVEL = "-O";
				VALIDATE_PRODUCT = YES;
			};
			name = Release;
		};
		FEDBA93A24D0E51E00B4985D /* Debug */ = {
			isa = XCBuildConfiguration;
			buildSettings = {
				ASSETCATALOG_COMPILER_APPICON_NAME = AppIcon;
				CODE_SIGN_STYLE = Automatic;
				DEVELOPMENT_TEAM = 69U32QXGLT;
				INFOPLIST_FILE = TextFieldKeybord/Info.plist;
				LD_RUNPATH_SEARCH_PATHS = (
					"$(inherited)",
					"@executable_path/Frameworks",
				);
				PRODUCT_BUNDLE_IDENTIFIER = "Swift-Beginners.TextFieldKeybord";
				PRODUCT_NAME = "$(TARGET_NAME)";
				SWIFT_VERSION = 5.0;
				TARGETED_DEVICE_FAMILY = "1,2";
			};
			name = Debug;
		};
		FEDBA93B24D0E51E00B4985D /* Release */ = {
			isa = XCBuildConfiguration;
			buildSettings = {
				ASSETCATALOG_COMPILER_APPICON_NAME = AppIcon;
				CODE_SIGN_STYLE = Automatic;
				DEVELOPMENT_TEAM = 69U32QXGLT;
				INFOPLIST_FILE = TextFieldKeybord/Info.plist;
				LD_RUNPATH_SEARCH_PATHS = (
					"$(inherited)",
					"@executable_path/Frameworks",
				);
				PRODUCT_BUNDLE_IDENTIFIER = "Swift-Beginners.TextFieldKeybord";
				PRODUCT_NAME = "$(TARGET_NAME)";
				SWIFT_VERSION = 5.0;
				TARGETED_DEVICE_FAMILY = "1,2";
			};
			name = Release;
		};
/* End XCBuildConfiguration section */

/* Begin XCConfigurationList section */
		FEDBA92024D0E51D00B4985D /* Build configuration list for PBXProject "TextFieldKeybord" */ = {
			isa = XCConfigurationList;
			buildConfigurations = (
				FEDBA93724D0E51E00B4985D /* Debug */,
				FEDBA93824D0E51E00B4985D /* Release */,
			);
			defaultConfigurationIsVisible = 0;
			defaultConfigurationName = Release;
		};
		FEDBA93924D0E51E00B4985D /* Build configuration list for PBXNativeTarget "TextFieldKeybord" */ = {
			isa = XCConfigurationList;
			buildConfigurations = (
				FEDBA93A24D0E51E00B4985D /* Debug */,
				FEDBA93B24D0E51E00B4985D /* Release */,
			);
			defaultConfigurationIsVisible = 0;
			defaultConfigurationName = Release;
		};
/* End XCConfigurationList section */
	};
	rootObject = FEDBA91D24D0E51D00B4985D /* Project object */;
}
